// !$*UTF8*$!
{
	archiveVersion = 1;
	classes = {
	};
	objectVersion = 55;
	objects = {

/* Begin PBXBuildFile section */
		E1129EB527AE6B4800CBEE7F /* DefaultSectionHeaderView.swift in Sources */ = {isa = PBXBuildFile; fileRef = E1129EB427AE6B4800CBEE7F /* DefaultSectionHeaderView.swift */; };
		E1158D002CDE84630027B66B /* BorderBoxLayoutItemModel.swift in Sources */ = {isa = PBXBuildFile; fileRef = E1158CFF2CDE84630027B66B /* BorderBoxLayoutItemModel.swift */; };
		E1158D022CDE84700027B66B /* BorderBoxLayoutSectionModel.swift in Sources */ = {isa = PBXBuildFile; fileRef = E1158D012CDE84700027B66B /* BorderBoxLayoutSectionModel.swift */; };
		E1158D042CDE84810027B66B /* BorderBoxLayoutSectionInterfaceConfig.swift in Sources */ = {isa = PBXBuildFile; fileRef = E1158D032CDE84810027B66B /* BorderBoxLayoutSectionInterfaceConfig.swift */; };
		E1158D062CDE848F0027B66B /* BorderBoxCollectionViewCell.swift in Sources */ = {isa = PBXBuildFile; fileRef = E1158D052CDE848F0027B66B /* BorderBoxCollectionViewCell.swift */; };
		E115B2752A34264600D0C4D4 /* HomeViewModelDependency.swift in Sources */ = {isa = PBXBuildFile; fileRef = E115B2742A34264600D0C4D4 /* HomeViewModelDependency.swift */; };
		E115B2782A34283500D0C4D4 /* HomeGiveawayFilterProvider.swift in Sources */ = {isa = PBXBuildFile; fileRef = E115B2772A34283500D0C4D4 /* HomeGiveawayFilterProvider.swift */; };
		E115B27E2A34546300D0C4D4 /* HomeLayoutSectionProvider.swift in Sources */ = {isa = PBXBuildFile; fileRef = E115B27D2A34546300D0C4D4 /* HomeLayoutSectionProvider.swift */; };
		E115B2842A3457CD00D0C4D4 /* CarouselLayoutSectionInterfaceConfig.swift in Sources */ = {isa = PBXBuildFile; fileRef = E115B2832A3457CD00D0C4D4 /* CarouselLayoutSectionInterfaceConfig.swift */; };
		E115B2872A345D4100D0C4D4 /* LayoutSectionInterfaceConfigProtocol.swift in Sources */ = {isa = PBXBuildFile; fileRef = E115B2862A345D4100D0C4D4 /* LayoutSectionInterfaceConfigProtocol.swift */; };
		E115B2892A34665100D0C4D4 /* LoadingLayoutSectionInterfaceConfig.swift in Sources */ = {isa = PBXBuildFile; fileRef = E115B2882A34665100D0C4D4 /* LoadingLayoutSectionInterfaceConfig.swift */; };
		E115B28D2A34A07000D0C4D4 /* CarouselLayoutSectionModel.swift in Sources */ = {isa = PBXBuildFile; fileRef = E115B28C2A34A07000D0C4D4 /* CarouselLayoutSectionModel.swift */; };
		E115B28F2A34A07C00D0C4D4 /* CarouselLayoutItemModel.swift in Sources */ = {isa = PBXBuildFile; fileRef = E115B28E2A34A07C00D0C4D4 /* CarouselLayoutItemModel.swift */; };
		E115B2922A34A21000D0C4D4 /* LoadingLayoutSectionModel.swift in Sources */ = {isa = PBXBuildFile; fileRef = E115B2912A34A21000D0C4D4 /* LoadingLayoutSectionModel.swift */; };
		E115B2942A34A21800D0C4D4 /* LoadingLayoutItemModel.swift in Sources */ = {isa = PBXBuildFile; fileRef = E115B2932A34A21800D0C4D4 /* LoadingLayoutItemModel.swift */; };
		E115B2972A36057500D0C4D4 /* GiveawayViewModelDependency.swift in Sources */ = {isa = PBXBuildFile; fileRef = E115B2962A36057500D0C4D4 /* GiveawayViewModelDependency.swift */; };
		E13E1BBC28266124004088A3 /* UIViewController+Ext.swift in Sources */ = {isa = PBXBuildFile; fileRef = E13E1BBB28266124004088A3 /* UIViewController+Ext.swift */; };
		E149B5942A2C659900A4DEE2 /* HomeLayoutItemModel.swift in Sources */ = {isa = PBXBuildFile; fileRef = E149B5932A2C659900A4DEE2 /* HomeLayoutItemModel.swift */; };
		E149B5972A2C672500A4DEE2 /* LoadingCardCollectionViewCell.swift in Sources */ = {isa = PBXBuildFile; fileRef = E149B5962A2C672500A4DEE2 /* LoadingCardCollectionViewCell.swift */; };
		E198F7C827A1819300B70F24 /* RemoteDataSourceRepository.swift in Sources */ = {isa = PBXBuildFile; fileRef = E198F7C727A1819300B70F24 /* RemoteDataSourceRepository.swift */; };
		E198F7CE27A1843600B70F24 /* RemoteDataSourceProtocol.swift in Sources */ = {isa = PBXBuildFile; fileRef = E198F7CD27A1843600B70F24 /* RemoteDataSourceProtocol.swift */; };
		E198F7D127A1872300B70F24 /* RemoteDataSourceRepositoryProtocol.swift in Sources */ = {isa = PBXBuildFile; fileRef = E198F7D027A1872300B70F24 /* RemoteDataSourceRepositoryProtocol.swift */; };
		E198F7D427A1885C00B70F24 /* HomeViewControllerFactory.swift in Sources */ = {isa = PBXBuildFile; fileRef = E198F7D327A1885C00B70F24 /* HomeViewControllerFactory.swift */; };
		E198F7D727A189D900B70F24 /* ViewControllerFactoryProtocol.swift in Sources */ = {isa = PBXBuildFile; fileRef = E198F7D627A189D900B70F24 /* ViewControllerFactoryProtocol.swift */; };
		E1B6E8B02864C0B20009C35A /* PrimaryButton.swift in Sources */ = {isa = PBXBuildFile; fileRef = E1B6E8AF2864C0B20009C35A /* PrimaryButton.swift */; };
		E1B940C3278DCAC100D5A5C3 /* CarouselCardCollectionViewCell.swift in Sources */ = {isa = PBXBuildFile; fileRef = E1B940C2278DCAC100D5A5C3 /* CarouselCardCollectionViewCell.swift */; };
		E1C087BD2CD7B233000F384A /* HomeViewModelProtocol.swift in Sources */ = {isa = PBXBuildFile; fileRef = E1C087BC2CD7B233000F384A /* HomeViewModelProtocol.swift */; };
		E1C087BF2CD7B25E000F384A /* HomeViewModelDelegate.swift in Sources */ = {isa = PBXBuildFile; fileRef = E1C087BE2CD7B25E000F384A /* HomeViewModelDelegate.swift */; };
		E1C087C62CD7B62D000F384A /* HomeGiveawayFilterServiceProtocol.swift in Sources */ = {isa = PBXBuildFile; fileRef = E1C087C52CD7B62D000F384A /* HomeGiveawayFilterServiceProtocol.swift */; };
		E1C087C82CD7B641000F384A /* HomeFilterSoonExpiredService.swift in Sources */ = {isa = PBXBuildFile; fileRef = E1C087C72CD7B641000F384A /* HomeFilterSoonExpiredService.swift */; };
		E1C087CA2CD7B665000F384A /* HomeFilterRecentGiveawayService.swift in Sources */ = {isa = PBXBuildFile; fileRef = E1C087C92CD7B665000F384A /* HomeFilterRecentGiveawayService.swift */; };
		E1C087CC2CD7B67A000F384A /* HomeFilterValuableGiveawayService.swift in Sources */ = {isa = PBXBuildFile; fileRef = E1C087CB2CD7B67A000F384A /* HomeFilterValuableGiveawayService.swift */; };
		E1CD438E27BA149F00DCD7BA /* DateHelper.swift in Sources */ = {isa = PBXBuildFile; fileRef = E1CD438D27BA149F00DCD7BA /* DateHelper.swift */; };
		E1CD439227BA286000DCD7BA /* ImageCacheType.swift in Sources */ = {isa = PBXBuildFile; fileRef = E1CD439127BA286000DCD7BA /* ImageCacheType.swift */; };
		E1CD439627BA28F200DCD7BA /* ImageCache.swift in Sources */ = {isa = PBXBuildFile; fileRef = E1CD439527BA28F200DCD7BA /* ImageCache.swift */; };
		E1CD439827BA2B9C00DCD7BA /* UIImage+Ext.swift in Sources */ = {isa = PBXBuildFile; fileRef = E1CD439727BA2B9C00DCD7BA /* UIImage+Ext.swift */; };
		E1D3A31E278732F800B03B55 /* AppDelegate.swift in Sources */ = {isa = PBXBuildFile; fileRef = E1D3A31D278732F800B03B55 /* AppDelegate.swift */; };
		E1D3A320278732F800B03B55 /* SceneDelegate.swift in Sources */ = {isa = PBXBuildFile; fileRef = E1D3A31F278732F800B03B55 /* SceneDelegate.swift */; };
		E1D3A328278732F800B03B55 /* Gameway.xcdatamodeld in Sources */ = {isa = PBXBuildFile; fileRef = E1D3A326278732F800B03B55 /* Gameway.xcdatamodeld */; };
		E1D3A32A278732FA00B03B55 /* Assets.xcassets in Resources */ = {isa = PBXBuildFile; fileRef = E1D3A329278732FA00B03B55 /* Assets.xcassets */; };
		E1D3A32D278732FA00B03B55 /* LaunchScreen.storyboard in Resources */ = {isa = PBXBuildFile; fileRef = E1D3A32B278732FA00B03B55 /* LaunchScreen.storyboard */; };
		E1D3A338278732FA00B03B55 /* GamewayTests.swift in Sources */ = {isa = PBXBuildFile; fileRef = E1D3A337278732FA00B03B55 /* GamewayTests.swift */; };
		E1D3A342278732FA00B03B55 /* GamewayUITests.swift in Sources */ = {isa = PBXBuildFile; fileRef = E1D3A341278732FA00B03B55 /* GamewayUITests.swift */; };
		E1D3A344278732FA00B03B55 /* GamewayUITestsLaunchTests.swift in Sources */ = {isa = PBXBuildFile; fileRef = E1D3A343278732FA00B03B55 /* GamewayUITestsLaunchTests.swift */; };
		E1D3A35727873DDF00B03B55 /* TabBarViewController.swift in Sources */ = {isa = PBXBuildFile; fileRef = E1D3A35627873DDF00B03B55 /* TabBarViewController.swift */; };
		E1D3A35F27873FB400B03B55 /* HomeViewController.swift in Sources */ = {isa = PBXBuildFile; fileRef = E1D3A35E27873FB400B03B55 /* HomeViewController.swift */; };
		E1D6CEF728684A6D00522E1B /* DetailViewModel.swift in Sources */ = {isa = PBXBuildFile; fileRef = E1D6CEF628684A6D00522E1B /* DetailViewModel.swift */; };
		E1D83F3627BB85EF007077B2 /* GiveawayViewModel.swift in Sources */ = {isa = PBXBuildFile; fileRef = E1D83F3527BB85EF007077B2 /* GiveawayViewModel.swift */; };
		E1D83F3827BB88AA007077B2 /* GiveawayViewControllerFactory.swift in Sources */ = {isa = PBXBuildFile; fileRef = E1D83F3727BB88AA007077B2 /* GiveawayViewControllerFactory.swift */; };
		E1D83F3A27BB9DEC007077B2 /* GiveawayTableViewCell.swift in Sources */ = {isa = PBXBuildFile; fileRef = E1D83F3927BB9DEC007077B2 /* GiveawayTableViewCell.swift */; };
		E1DA778F27B7A9D700BC60E6 /* ImageLoader.swift in Sources */ = {isa = PBXBuildFile; fileRef = E1DA778E27B7A9D700BC60E6 /* ImageLoader.swift */; };
		E1DD13A728211030003F53A1 /* SkeletonView.swift in Sources */ = {isa = PBXBuildFile; fileRef = E1DD13A628211030003F53A1 /* SkeletonView.swift */; };
		E1E09C8C282F9DC5006C3F94 /* UIView+Ext.swift in Sources */ = {isa = PBXBuildFile; fileRef = E1E09C8B282F9DC5006C3F94 /* UIView+Ext.swift */; };
		E1E09C8E282FD2BA006C3F94 /* GiveawayFilterSheetView.swift in Sources */ = {isa = PBXBuildFile; fileRef = E1E09C8D282FD2BA006C3F94 /* GiveawayFilterSheetView.swift */; };
		E1E20EC4278ADB3A00A8EDB6 /* HomeLayoutSectionModel.swift in Sources */ = {isa = PBXBuildFile; fileRef = E1E20EC3278ADB3A00A8EDB6 /* HomeLayoutSectionModel.swift */; };
		E1E20EC8278ADDA100A8EDB6 /* UIColor+Ext.swift in Sources */ = {isa = PBXBuildFile; fileRef = E1E20EC7278ADDA100A8EDB6 /* UIColor+Ext.swift */; };
		E1E20ECB278B0F1900A8EDB6 /* RemoteDataSource.swift in Sources */ = {isa = PBXBuildFile; fileRef = E1E20ECA278B0F1900A8EDB6 /* RemoteDataSource.swift */; };
		E1E20ECE278B0F3300A8EDB6 /* HomeViewModel.swift in Sources */ = {isa = PBXBuildFile; fileRef = E1E20ECD278B0F3300A8EDB6 /* HomeViewModel.swift */; };
		E1E9839027B514570048ED94 /* SkeletonTableViewCell.swift in Sources */ = {isa = PBXBuildFile; fileRef = E1E9838F27B514570048ED94 /* SkeletonTableViewCell.swift */; };
		E1E9839227B51A7D0048ED94 /* SkeletonLoader.swift in Sources */ = {isa = PBXBuildFile; fileRef = E1E9839127B51A7D0048ED94 /* SkeletonLoader.swift */; };
		E1EB182E281CE8020055EB39 /* ErrorView.swift in Sources */ = {isa = PBXBuildFile; fileRef = E1EB182D281CE8020055EB39 /* ErrorView.swift */; };
		E1EB481B2830FB2700FECF42 /* ChoiceTableViewCell.swift in Sources */ = {isa = PBXBuildFile; fileRef = E1EB481A2830FB2700FECF42 /* ChoiceTableViewCell.swift */; };
		E1EB481D283109A700FECF42 /* UIHelper.swift in Sources */ = {isa = PBXBuildFile; fileRef = E1EB481C283109A700FECF42 /* UIHelper.swift */; };
		E1EB481F283119CB00FECF42 /* Filter.swift in Sources */ = {isa = PBXBuildFile; fileRef = E1EB481E283119CB00FECF42 /* Filter.swift */; };
		E1ED898827B8E7070078A47C /* GiveawayImageView.swift in Sources */ = {isa = PBXBuildFile; fileRef = E1ED898727B8E7070078A47C /* GiveawayImageView.swift */; };
		E1ED898A27B8FD200078A47C /* PlatformCollectionViewCell.swift in Sources */ = {isa = PBXBuildFile; fileRef = E1ED898927B8FD200078A47C /* PlatformCollectionViewCell.swift */; };
		E1F575B628229732003A1424 /* HorizontalBoxView.swift in Sources */ = {isa = PBXBuildFile; fileRef = E1F575B528229732003A1424 /* HorizontalBoxView.swift */; };
		E1F575B828229ADB003A1424 /* BoxView.swift in Sources */ = {isa = PBXBuildFile; fileRef = E1F575B728229ADB003A1424 /* BoxView.swift */; };
		E1F5EC192789D0D200084BC5 /* GiveawayViewController.swift in Sources */ = {isa = PBXBuildFile; fileRef = E1F5EC182789D0D200084BC5 /* GiveawayViewController.swift */; };
		E1F5EC1D2789D11600084BC5 /* StatusViewController.swift in Sources */ = {isa = PBXBuildFile; fileRef = E1F5EC1C2789D11600084BC5 /* StatusViewController.swift */; };
		E1F5EC202789D51500084BC5 /* Giveaway.swift in Sources */ = {isa = PBXBuildFile; fileRef = E1F5EC1F2789D51500084BC5 /* Giveaway.swift */; };
		E1F5EC242789D55300084BC5 /* DetailViewController.swift in Sources */ = {isa = PBXBuildFile; fileRef = E1F5EC232789D55300084BC5 /* DetailViewController.swift */; };
		E1F63F57287C5C7400D0DC2F /* ExpandableView.swift in Sources */ = {isa = PBXBuildFile; fileRef = E1F63F56287C5C7400D0DC2F /* ExpandableView.swift */; };
		E1F69D2827BE3C8F00C71781 /* PaddingLabel.swift in Sources */ = {isa = PBXBuildFile; fileRef = E1F69D2727BE3C8F00C71781 /* PaddingLabel.swift */; };
		E1F69D2A27BE4C3B00C71781 /* WorthSectionView.swift in Sources */ = {isa = PBXBuildFile; fileRef = E1F69D2927BE4C3B00C71781 /* WorthSectionView.swift */; };
		E1F69D2C27BE4CD300C71781 /* Worth.swift in Sources */ = {isa = PBXBuildFile; fileRef = E1F69D2B27BE4CD300C71781 /* Worth.swift */; };
/* End PBXBuildFile section */

/* Begin PBXContainerItemProxy section */
		E1D3A334278732FA00B03B55 /* PBXContainerItemProxy */ = {
			isa = PBXContainerItemProxy;
			containerPortal = E1D3A312278732F800B03B55 /* Project object */;
			proxyType = 1;
			remoteGlobalIDString = E1D3A319278732F800B03B55;
			remoteInfo = Gameway;
		};
		E1D3A33E278732FA00B03B55 /* PBXContainerItemProxy */ = {
			isa = PBXContainerItemProxy;
			containerPortal = E1D3A312278732F800B03B55 /* Project object */;
			proxyType = 1;
			remoteGlobalIDString = E1D3A319278732F800B03B55;
			remoteInfo = Gameway;
		};
/* End PBXContainerItemProxy section */

/* Begin PBXFileReference section */
		E1129EB427AE6B4800CBEE7F /* DefaultSectionHeaderView.swift */ = {isa = PBXFileReference; lastKnownFileType = sourcecode.swift; path = DefaultSectionHeaderView.swift; sourceTree = "<group>"; };
		E1158CFF2CDE84630027B66B /* BorderBoxLayoutItemModel.swift */ = {isa = PBXFileReference; lastKnownFileType = sourcecode.swift; path = BorderBoxLayoutItemModel.swift; sourceTree = "<group>"; };
		E1158D012CDE84700027B66B /* BorderBoxLayoutSectionModel.swift */ = {isa = PBXFileReference; lastKnownFileType = sourcecode.swift; path = BorderBoxLayoutSectionModel.swift; sourceTree = "<group>"; };
		E1158D032CDE84810027B66B /* BorderBoxLayoutSectionInterfaceConfig.swift */ = {isa = PBXFileReference; lastKnownFileType = sourcecode.swift; path = BorderBoxLayoutSectionInterfaceConfig.swift; sourceTree = "<group>"; };
		E1158D052CDE848F0027B66B /* BorderBoxCollectionViewCell.swift */ = {isa = PBXFileReference; lastKnownFileType = sourcecode.swift; path = BorderBoxCollectionViewCell.swift; sourceTree = "<group>"; };
		E115B2742A34264600D0C4D4 /* HomeViewModelDependency.swift */ = {isa = PBXFileReference; lastKnownFileType = sourcecode.swift; path = HomeViewModelDependency.swift; sourceTree = "<group>"; };
		E115B2772A34283500D0C4D4 /* HomeGiveawayFilterProvider.swift */ = {isa = PBXFileReference; lastKnownFileType = sourcecode.swift; path = HomeGiveawayFilterProvider.swift; sourceTree = "<group>"; };
		E115B27D2A34546300D0C4D4 /* HomeLayoutSectionProvider.swift */ = {isa = PBXFileReference; lastKnownFileType = sourcecode.swift; path = HomeLayoutSectionProvider.swift; sourceTree = "<group>"; };
		E115B2832A3457CD00D0C4D4 /* CarouselLayoutSectionInterfaceConfig.swift */ = {isa = PBXFileReference; lastKnownFileType = sourcecode.swift; path = CarouselLayoutSectionInterfaceConfig.swift; sourceTree = "<group>"; };
		E115B2862A345D4100D0C4D4 /* LayoutSectionInterfaceConfigProtocol.swift */ = {isa = PBXFileReference; lastKnownFileType = sourcecode.swift; path = LayoutSectionInterfaceConfigProtocol.swift; sourceTree = "<group>"; };
		E115B2882A34665100D0C4D4 /* LoadingLayoutSectionInterfaceConfig.swift */ = {isa = PBXFileReference; lastKnownFileType = sourcecode.swift; path = LoadingLayoutSectionInterfaceConfig.swift; sourceTree = "<group>"; };
		E115B28C2A34A07000D0C4D4 /* CarouselLayoutSectionModel.swift */ = {isa = PBXFileReference; lastKnownFileType = sourcecode.swift; path = CarouselLayoutSectionModel.swift; sourceTree = "<group>"; };
		E115B28E2A34A07C00D0C4D4 /* CarouselLayoutItemModel.swift */ = {isa = PBXFileReference; lastKnownFileType = sourcecode.swift; path = CarouselLayoutItemModel.swift; sourceTree = "<group>"; };
		E115B2912A34A21000D0C4D4 /* LoadingLayoutSectionModel.swift */ = {isa = PBXFileReference; lastKnownFileType = sourcecode.swift; path = LoadingLayoutSectionModel.swift; sourceTree = "<group>"; };
		E115B2932A34A21800D0C4D4 /* LoadingLayoutItemModel.swift */ = {isa = PBXFileReference; lastKnownFileType = sourcecode.swift; path = LoadingLayoutItemModel.swift; sourceTree = "<group>"; };
		E115B2962A36057500D0C4D4 /* GiveawayViewModelDependency.swift */ = {isa = PBXFileReference; lastKnownFileType = sourcecode.swift; path = GiveawayViewModelDependency.swift; sourceTree = "<group>"; };
		E13E1BBB28266124004088A3 /* UIViewController+Ext.swift */ = {isa = PBXFileReference; lastKnownFileType = sourcecode.swift; path = "UIViewController+Ext.swift"; sourceTree = "<group>"; };
		E149B5932A2C659900A4DEE2 /* HomeLayoutItemModel.swift */ = {isa = PBXFileReference; lastKnownFileType = sourcecode.swift; path = HomeLayoutItemModel.swift; sourceTree = "<group>"; };
		E149B5962A2C672500A4DEE2 /* LoadingCardCollectionViewCell.swift */ = {isa = PBXFileReference; lastKnownFileType = sourcecode.swift; path = LoadingCardCollectionViewCell.swift; sourceTree = "<group>"; };
		E198F7C727A1819300B70F24 /* RemoteDataSourceRepository.swift */ = {isa = PBXFileReference; lastKnownFileType = sourcecode.swift; path = RemoteDataSourceRepository.swift; sourceTree = "<group>"; };
		E198F7CD27A1843600B70F24 /* RemoteDataSourceProtocol.swift */ = {isa = PBXFileReference; lastKnownFileType = sourcecode.swift; path = RemoteDataSourceProtocol.swift; sourceTree = "<group>"; };
		E198F7D027A1872300B70F24 /* RemoteDataSourceRepositoryProtocol.swift */ = {isa = PBXFileReference; lastKnownFileType = sourcecode.swift; path = RemoteDataSourceRepositoryProtocol.swift; sourceTree = "<group>"; };
		E198F7D327A1885C00B70F24 /* HomeViewControllerFactory.swift */ = {isa = PBXFileReference; lastKnownFileType = sourcecode.swift; path = HomeViewControllerFactory.swift; sourceTree = "<group>"; };
		E198F7D627A189D900B70F24 /* ViewControllerFactoryProtocol.swift */ = {isa = PBXFileReference; lastKnownFileType = sourcecode.swift; path = ViewControllerFactoryProtocol.swift; sourceTree = "<group>"; };
		E1B6E8AF2864C0B20009C35A /* PrimaryButton.swift */ = {isa = PBXFileReference; lastKnownFileType = sourcecode.swift; path = PrimaryButton.swift; sourceTree = "<group>"; };
		E1B940C2278DCAC100D5A5C3 /* CarouselCardCollectionViewCell.swift */ = {isa = PBXFileReference; lastKnownFileType = sourcecode.swift; path = CarouselCardCollectionViewCell.swift; sourceTree = "<group>"; };
		E1C087BC2CD7B233000F384A /* HomeViewModelProtocol.swift */ = {isa = PBXFileReference; lastKnownFileType = sourcecode.swift; path = HomeViewModelProtocol.swift; sourceTree = "<group>"; };
		E1C087BE2CD7B25E000F384A /* HomeViewModelDelegate.swift */ = {isa = PBXFileReference; lastKnownFileType = sourcecode.swift; path = HomeViewModelDelegate.swift; sourceTree = "<group>"; };
		E1C087C52CD7B62D000F384A /* HomeGiveawayFilterServiceProtocol.swift */ = {isa = PBXFileReference; lastKnownFileType = sourcecode.swift; path = HomeGiveawayFilterServiceProtocol.swift; sourceTree = "<group>"; };
		E1C087C72CD7B641000F384A /* HomeFilterSoonExpiredService.swift */ = {isa = PBXFileReference; lastKnownFileType = sourcecode.swift; path = HomeFilterSoonExpiredService.swift; sourceTree = "<group>"; };
		E1C087C92CD7B665000F384A /* HomeFilterRecentGiveawayService.swift */ = {isa = PBXFileReference; lastKnownFileType = sourcecode.swift; path = HomeFilterRecentGiveawayService.swift; sourceTree = "<group>"; };
		E1C087CB2CD7B67A000F384A /* HomeFilterValuableGiveawayService.swift */ = {isa = PBXFileReference; lastKnownFileType = sourcecode.swift; path = HomeFilterValuableGiveawayService.swift; sourceTree = "<group>"; };
		E1CD438D27BA149F00DCD7BA /* DateHelper.swift */ = {isa = PBXFileReference; lastKnownFileType = sourcecode.swift; path = DateHelper.swift; sourceTree = "<group>"; };
		E1CD439127BA286000DCD7BA /* ImageCacheType.swift */ = {isa = PBXFileReference; lastKnownFileType = sourcecode.swift; path = ImageCacheType.swift; sourceTree = "<group>"; };
		E1CD439527BA28F200DCD7BA /* ImageCache.swift */ = {isa = PBXFileReference; lastKnownFileType = sourcecode.swift; path = ImageCache.swift; sourceTree = "<group>"; };
		E1CD439727BA2B9C00DCD7BA /* UIImage+Ext.swift */ = {isa = PBXFileReference; lastKnownFileType = sourcecode.swift; path = "UIImage+Ext.swift"; sourceTree = "<group>"; };
		E1D3A31A278732F800B03B55 /* Gameway.app */ = {isa = PBXFileReference; explicitFileType = wrapper.application; includeInIndex = 0; path = Gameway.app; sourceTree = BUILT_PRODUCTS_DIR; };
		E1D3A31D278732F800B03B55 /* AppDelegate.swift */ = {isa = PBXFileReference; lastKnownFileType = sourcecode.swift; path = AppDelegate.swift; sourceTree = "<group>"; };
		E1D3A31F278732F800B03B55 /* SceneDelegate.swift */ = {isa = PBXFileReference; lastKnownFileType = sourcecode.swift; path = SceneDelegate.swift; sourceTree = "<group>"; };
		E1D3A327278732F800B03B55 /* Gameway.xcdatamodel */ = {isa = PBXFileReference; lastKnownFileType = wrapper.xcdatamodel; path = Gameway.xcdatamodel; sourceTree = "<group>"; };
		E1D3A329278732FA00B03B55 /* Assets.xcassets */ = {isa = PBXFileReference; lastKnownFileType = folder.assetcatalog; path = Assets.xcassets; sourceTree = "<group>"; };
		E1D3A32C278732FA00B03B55 /* Base */ = {isa = PBXFileReference; lastKnownFileType = file.storyboard; name = Base; path = Base.lproj/LaunchScreen.storyboard; sourceTree = "<group>"; };
		E1D3A32E278732FA00B03B55 /* Info.plist */ = {isa = PBXFileReference; lastKnownFileType = text.plist.xml; path = Info.plist; sourceTree = "<group>"; };
		E1D3A333278732FA00B03B55 /* GamewayTests.xctest */ = {isa = PBXFileReference; explicitFileType = wrapper.cfbundle; includeInIndex = 0; path = GamewayTests.xctest; sourceTree = BUILT_PRODUCTS_DIR; };
		E1D3A337278732FA00B03B55 /* GamewayTests.swift */ = {isa = PBXFileReference; lastKnownFileType = sourcecode.swift; path = GamewayTests.swift; sourceTree = "<group>"; };
		E1D3A33D278732FA00B03B55 /* GamewayUITests.xctest */ = {isa = PBXFileReference; explicitFileType = wrapper.cfbundle; includeInIndex = 0; path = GamewayUITests.xctest; sourceTree = BUILT_PRODUCTS_DIR; };
		E1D3A341278732FA00B03B55 /* GamewayUITests.swift */ = {isa = PBXFileReference; lastKnownFileType = sourcecode.swift; path = GamewayUITests.swift; sourceTree = "<group>"; };
		E1D3A343278732FA00B03B55 /* GamewayUITestsLaunchTests.swift */ = {isa = PBXFileReference; lastKnownFileType = sourcecode.swift; path = GamewayUITestsLaunchTests.swift; sourceTree = "<group>"; };
		E1D3A35627873DDF00B03B55 /* TabBarViewController.swift */ = {isa = PBXFileReference; lastKnownFileType = sourcecode.swift; path = TabBarViewController.swift; sourceTree = "<group>"; };
		E1D3A35E27873FB400B03B55 /* HomeViewController.swift */ = {isa = PBXFileReference; lastKnownFileType = sourcecode.swift; path = HomeViewController.swift; sourceTree = "<group>"; };
		E1D6CEF628684A6D00522E1B /* DetailViewModel.swift */ = {isa = PBXFileReference; lastKnownFileType = sourcecode.swift; path = DetailViewModel.swift; sourceTree = "<group>"; };
		E1D83F3527BB85EF007077B2 /* GiveawayViewModel.swift */ = {isa = PBXFileReference; lastKnownFileType = sourcecode.swift; path = GiveawayViewModel.swift; sourceTree = "<group>"; };
		E1D83F3727BB88AA007077B2 /* GiveawayViewControllerFactory.swift */ = {isa = PBXFileReference; lastKnownFileType = sourcecode.swift; path = GiveawayViewControllerFactory.swift; sourceTree = "<group>"; };
		E1D83F3927BB9DEC007077B2 /* GiveawayTableViewCell.swift */ = {isa = PBXFileReference; lastKnownFileType = sourcecode.swift; path = GiveawayTableViewCell.swift; sourceTree = "<group>"; };
		E1DA778E27B7A9D700BC60E6 /* ImageLoader.swift */ = {isa = PBXFileReference; lastKnownFileType = sourcecode.swift; path = ImageLoader.swift; sourceTree = "<group>"; };
		E1DD13A628211030003F53A1 /* SkeletonView.swift */ = {isa = PBXFileReference; lastKnownFileType = sourcecode.swift; path = SkeletonView.swift; sourceTree = "<group>"; };
		E1E09C8B282F9DC5006C3F94 /* UIView+Ext.swift */ = {isa = PBXFileReference; lastKnownFileType = sourcecode.swift; path = "UIView+Ext.swift"; sourceTree = "<group>"; };
		E1E09C8D282FD2BA006C3F94 /* GiveawayFilterSheetView.swift */ = {isa = PBXFileReference; lastKnownFileType = sourcecode.swift; path = GiveawayFilterSheetView.swift; sourceTree = "<group>"; };
		E1E20EC3278ADB3A00A8EDB6 /* HomeLayoutSectionModel.swift */ = {isa = PBXFileReference; lastKnownFileType = sourcecode.swift; path = HomeLayoutSectionModel.swift; sourceTree = "<group>"; };
		E1E20EC7278ADDA100A8EDB6 /* UIColor+Ext.swift */ = {isa = PBXFileReference; lastKnownFileType = sourcecode.swift; path = "UIColor+Ext.swift"; sourceTree = "<group>"; };
		E1E20ECA278B0F1900A8EDB6 /* RemoteDataSource.swift */ = {isa = PBXFileReference; lastKnownFileType = sourcecode.swift; path = RemoteDataSource.swift; sourceTree = "<group>"; };
		E1E20ECD278B0F3300A8EDB6 /* HomeViewModel.swift */ = {isa = PBXFileReference; lastKnownFileType = sourcecode.swift; path = HomeViewModel.swift; sourceTree = "<group>"; };
		E1E9838F27B514570048ED94 /* SkeletonTableViewCell.swift */ = {isa = PBXFileReference; lastKnownFileType = sourcecode.swift; path = SkeletonTableViewCell.swift; sourceTree = "<group>"; };
		E1E9839127B51A7D0048ED94 /* SkeletonLoader.swift */ = {isa = PBXFileReference; lastKnownFileType = sourcecode.swift; path = SkeletonLoader.swift; sourceTree = "<group>"; };
		E1EB182D281CE8020055EB39 /* ErrorView.swift */ = {isa = PBXFileReference; lastKnownFileType = sourcecode.swift; path = ErrorView.swift; sourceTree = "<group>"; };
		E1EB481A2830FB2700FECF42 /* ChoiceTableViewCell.swift */ = {isa = PBXFileReference; lastKnownFileType = sourcecode.swift; path = ChoiceTableViewCell.swift; sourceTree = "<group>"; };
		E1EB481C283109A700FECF42 /* UIHelper.swift */ = {isa = PBXFileReference; lastKnownFileType = sourcecode.swift; path = UIHelper.swift; sourceTree = "<group>"; };
		E1EB481E283119CB00FECF42 /* Filter.swift */ = {isa = PBXFileReference; lastKnownFileType = sourcecode.swift; path = Filter.swift; sourceTree = "<group>"; };
		E1ED898727B8E7070078A47C /* GiveawayImageView.swift */ = {isa = PBXFileReference; lastKnownFileType = sourcecode.swift; path = GiveawayImageView.swift; sourceTree = "<group>"; };
		E1ED898927B8FD200078A47C /* PlatformCollectionViewCell.swift */ = {isa = PBXFileReference; lastKnownFileType = sourcecode.swift; path = PlatformCollectionViewCell.swift; sourceTree = "<group>"; };
		E1F575B528229732003A1424 /* HorizontalBoxView.swift */ = {isa = PBXFileReference; lastKnownFileType = sourcecode.swift; path = HorizontalBoxView.swift; sourceTree = "<group>"; };
		E1F575B728229ADB003A1424 /* BoxView.swift */ = {isa = PBXFileReference; lastKnownFileType = sourcecode.swift; path = BoxView.swift; sourceTree = "<group>"; };
		E1F5EC182789D0D200084BC5 /* GiveawayViewController.swift */ = {isa = PBXFileReference; lastKnownFileType = sourcecode.swift; path = GiveawayViewController.swift; sourceTree = "<group>"; };
		E1F5EC1C2789D11600084BC5 /* StatusViewController.swift */ = {isa = PBXFileReference; lastKnownFileType = sourcecode.swift; path = StatusViewController.swift; sourceTree = "<group>"; };
		E1F5EC1F2789D51500084BC5 /* Giveaway.swift */ = {isa = PBXFileReference; lastKnownFileType = sourcecode.swift; path = Giveaway.swift; sourceTree = "<group>"; };
		E1F5EC232789D55300084BC5 /* DetailViewController.swift */ = {isa = PBXFileReference; lastKnownFileType = sourcecode.swift; path = DetailViewController.swift; sourceTree = "<group>"; };
		E1F63F56287C5C7400D0DC2F /* ExpandableView.swift */ = {isa = PBXFileReference; lastKnownFileType = sourcecode.swift; path = ExpandableView.swift; sourceTree = "<group>"; };
		E1F69D2727BE3C8F00C71781 /* PaddingLabel.swift */ = {isa = PBXFileReference; lastKnownFileType = sourcecode.swift; path = PaddingLabel.swift; sourceTree = "<group>"; };
		E1F69D2927BE4C3B00C71781 /* WorthSectionView.swift */ = {isa = PBXFileReference; lastKnownFileType = sourcecode.swift; path = WorthSectionView.swift; sourceTree = "<group>"; };
		E1F69D2B27BE4CD300C71781 /* Worth.swift */ = {isa = PBXFileReference; lastKnownFileType = sourcecode.swift; path = Worth.swift; sourceTree = "<group>"; };
/* End PBXFileReference section */

/* Begin PBXFrameworksBuildPhase section */
		E1D3A317278732F800B03B55 /* Frameworks */ = {
			isa = PBXFrameworksBuildPhase;
			buildActionMask = 2147483647;
			files = (
			);
			runOnlyForDeploymentPostprocessing = 0;
		};
		E1D3A330278732FA00B03B55 /* Frameworks */ = {
			isa = PBXFrameworksBuildPhase;
			buildActionMask = 2147483647;
			files = (
			);
			runOnlyForDeploymentPostprocessing = 0;
		};
		E1D3A33A278732FA00B03B55 /* Frameworks */ = {
			isa = PBXFrameworksBuildPhase;
			buildActionMask = 2147483647;
			files = (
			);
			runOnlyForDeploymentPostprocessing = 0;
		};
/* End PBXFrameworksBuildPhase section */

/* Begin PBXGroup section */
		E1158CFE2CDE83000027B66B /* BorderBox */ = {
			isa = PBXGroup;
			children = (
				E1158CFF2CDE84630027B66B /* BorderBoxLayoutItemModel.swift */,
				E1158D012CDE84700027B66B /* BorderBoxLayoutSectionModel.swift */,
				E1158D032CDE84810027B66B /* BorderBoxLayoutSectionInterfaceConfig.swift */,
				E1158D052CDE848F0027B66B /* BorderBoxCollectionViewCell.swift */,
			);
			path = BorderBox;
			sourceTree = "<group>";
		};
		E115B2792A34291B00D0C4D4 /* Dependency */ = {
			isa = PBXGroup;
			children = (
				E1C087C02CD7B57D000F384A /* Filter */,
			);
			path = Dependency;
			sourceTree = "<group>";
		};
		E115B28A2A34A01700D0C4D4 /* LayoutSectionComponents */ = {
			isa = PBXGroup;
			children = (
				E1158CFE2CDE83000027B66B /* BorderBox */,
				E115B2952A34A9C900D0C4D4 /* SectionHeader */,
				E115B2902A34A09900D0C4D4 /* Loading */,
				E115B28B2A34A05900D0C4D4 /* Carousel */,
				E115B2862A345D4100D0C4D4 /* LayoutSectionInterfaceConfigProtocol.swift */,
				E115B27D2A34546300D0C4D4 /* HomeLayoutSectionProvider.swift */,
			);
			path = LayoutSectionComponents;
			sourceTree = "<group>";
		};
		E115B28B2A34A05900D0C4D4 /* Carousel */ = {
			isa = PBXGroup;
			children = (
				E1B940C2278DCAC100D5A5C3 /* CarouselCardCollectionViewCell.swift */,
				E115B2832A3457CD00D0C4D4 /* CarouselLayoutSectionInterfaceConfig.swift */,
				E115B28C2A34A07000D0C4D4 /* CarouselLayoutSectionModel.swift */,
				E115B28E2A34A07C00D0C4D4 /* CarouselLayoutItemModel.swift */,
			);
			path = Carousel;
			sourceTree = "<group>";
		};
		E115B2902A34A09900D0C4D4 /* Loading */ = {
			isa = PBXGroup;
			children = (
				E149B5962A2C672500A4DEE2 /* LoadingCardCollectionViewCell.swift */,
				E115B2882A34665100D0C4D4 /* LoadingLayoutSectionInterfaceConfig.swift */,
				E115B2912A34A21000D0C4D4 /* LoadingLayoutSectionModel.swift */,
				E115B2932A34A21800D0C4D4 /* LoadingLayoutItemModel.swift */,
			);
			path = Loading;
			sourceTree = "<group>";
		};
		E115B2952A34A9C900D0C4D4 /* SectionHeader */ = {
			isa = PBXGroup;
			children = (
				E1129EB427AE6B4800CBEE7F /* DefaultSectionHeaderView.swift */,
			);
			path = SectionHeader;
			sourceTree = "<group>";
		};
		E149B5912A2C639A00A4DEE2 /* CollectionView */ = {
			isa = PBXGroup;
			children = (
				E1E20EC3278ADB3A00A8EDB6 /* HomeLayoutSectionModel.swift */,
				E149B5932A2C659900A4DEE2 /* HomeLayoutItemModel.swift */,
				E115B28A2A34A01700D0C4D4 /* LayoutSectionComponents */,
			);
			path = CollectionView;
			sourceTree = "<group>";
		};
		E198F7C627A1816C00B70F24 /* Repository */ = {
			isa = PBXGroup;
			children = (
				E198F7CF27A1870E00B70F24 /* Protocol */,
				E198F7C727A1819300B70F24 /* RemoteDataSourceRepository.swift */,
			);
			path = Repository;
			sourceTree = "<group>";
		};
		E198F7CA27A181E000B70F24 /* Data */ = {
			isa = PBXGroup;
			children = (
				E1F5EC1E2789D4F000084BC5 /* Models */,
				E198F7CB27A1827F00B70F24 /* DataSource */,
				E198F7C627A1816C00B70F24 /* Repository */,
			);
			path = Data;
			sourceTree = "<group>";
		};
		E198F7CB27A1827F00B70F24 /* DataSource */ = {
			isa = PBXGroup;
			children = (
				E198F7CC27A1842200B70F24 /* Protocol */,
				E1E20ECA278B0F1900A8EDB6 /* RemoteDataSource.swift */,
			);
			path = DataSource;
			sourceTree = "<group>";
		};
		E198F7CC27A1842200B70F24 /* Protocol */ = {
			isa = PBXGroup;
			children = (
				E198F7CD27A1843600B70F24 /* RemoteDataSourceProtocol.swift */,
			);
			path = Protocol;
			sourceTree = "<group>";
		};
		E198F7CF27A1870E00B70F24 /* Protocol */ = {
			isa = PBXGroup;
			children = (
				E198F7D027A1872300B70F24 /* RemoteDataSourceRepositoryProtocol.swift */,
			);
			path = Protocol;
			sourceTree = "<group>";
		};
		E1C087BB2CD7B228000F384A /* Protocol */ = {
			isa = PBXGroup;
			children = (
				E1C087BC2CD7B233000F384A /* HomeViewModelProtocol.swift */,
				E1C087BE2CD7B25E000F384A /* HomeViewModelDelegate.swift */,
			);
			path = Protocol;
			sourceTree = "<group>";
		};
		E1C087C02CD7B57D000F384A /* Filter */ = {
			isa = PBXGroup;
			children = (
				E1C087C22CD7B615000F384A /* Service */,
				E1C087C12CD7B60C000F384A /* Provider */,
			);
			path = Filter;
			sourceTree = "<group>";
		};
		E1C087C12CD7B60C000F384A /* Provider */ = {
			isa = PBXGroup;
			children = (
				E115B2772A34283500D0C4D4 /* HomeGiveawayFilterProvider.swift */,
			);
			path = Provider;
			sourceTree = "<group>";
		};
		E1C087C22CD7B615000F384A /* Service */ = {
			isa = PBXGroup;
			children = (
				E1C087C32CD7B61B000F384A /* Protocol */,
				E1C087C72CD7B641000F384A /* HomeFilterSoonExpiredService.swift */,
				E1C087C92CD7B665000F384A /* HomeFilterRecentGiveawayService.swift */,
				E1C087CB2CD7B67A000F384A /* HomeFilterValuableGiveawayService.swift */,
			);
			path = Service;
			sourceTree = "<group>";
		};
		E1C087C32CD7B61B000F384A /* Protocol */ = {
			isa = PBXGroup;
			children = (
				E1C087C52CD7B62D000F384A /* HomeGiveawayFilterServiceProtocol.swift */,
			);
			path = Protocol;
			sourceTree = "<group>";
		};
		E1D3A311278732F800B03B55 = {
			isa = PBXGroup;
			children = (
				E1D3A31C278732F800B03B55 /* Gameway */,
				E1D3A336278732FA00B03B55 /* GamewayTests */,
				E1D3A340278732FA00B03B55 /* GamewayUITests */,
				E1D3A31B278732F800B03B55 /* Products */,
			);
			sourceTree = "<group>";
		};
		E1D3A31B278732F800B03B55 /* Products */ = {
			isa = PBXGroup;
			children = (
				E1D3A31A278732F800B03B55 /* Gameway.app */,
				E1D3A333278732FA00B03B55 /* GamewayTests.xctest */,
				E1D3A33D278732FA00B03B55 /* GamewayUITests.xctest */,
			);
			name = Products;
			sourceTree = "<group>";
		};
		E1D3A31C278732F800B03B55 /* Gameway */ = {
			isa = PBXGroup;
			children = (
				E1D3A35827873DF000B03B55 /* App */,
				E198F7CA27A181E000B70F24 /* Data */,
				E1D3A35C27873F9700B03B55 /* Home */,
				E1F5EC162789D0A700084BC5 /* Giveaway */,
				E1F5EC212789D53B00084BC5 /* Detail */,
				E1F5EC1A2789D10200084BC5 /* Status */,
				E1D3A35327873DA400B03B55 /* Navigation */,
				E1E20EC5278ADD8600A8EDB6 /* Common */,
				E1D3A35B27873E9100B03B55 /* Resources */,
				E1D3A32E278732FA00B03B55 /* Info.plist */,
			);
			path = Gameway;
			sourceTree = "<group>";
		};
		E1D3A336278732FA00B03B55 /* GamewayTests */ = {
			isa = PBXGroup;
			children = (
				E1D3A337278732FA00B03B55 /* GamewayTests.swift */,
			);
			path = GamewayTests;
			sourceTree = "<group>";
		};
		E1D3A340278732FA00B03B55 /* GamewayUITests */ = {
			isa = PBXGroup;
			children = (
				E1D3A341278732FA00B03B55 /* GamewayUITests.swift */,
				E1D3A343278732FA00B03B55 /* GamewayUITestsLaunchTests.swift */,
			);
			path = GamewayUITests;
			sourceTree = "<group>";
		};
		E1D3A35327873DA400B03B55 /* Navigation */ = {
			isa = PBXGroup;
			children = (
				E1D3A35427873DAB00B03B55 /* View */,
			);
			path = Navigation;
			sourceTree = "<group>";
		};
		E1D3A35427873DAB00B03B55 /* View */ = {
			isa = PBXGroup;
			children = (
				E1D3A35627873DDF00B03B55 /* TabBarViewController.swift */,
			);
			path = View;
			sourceTree = "<group>";
		};
		E1D3A35827873DF000B03B55 /* App */ = {
			isa = PBXGroup;
			children = (
				E1D3A31D278732F800B03B55 /* AppDelegate.swift */,
				E1D3A31F278732F800B03B55 /* SceneDelegate.swift */,
				E1D3A32B278732FA00B03B55 /* LaunchScreen.storyboard */,
				E1D3A326278732F800B03B55 /* Gameway.xcdatamodeld */,
			);
			path = App;
			sourceTree = "<group>";
		};
		E1D3A35B27873E9100B03B55 /* Resources */ = {
			isa = PBXGroup;
			children = (
				E1D3A329278732FA00B03B55 /* Assets.xcassets */,
			);
			path = Resources;
			sourceTree = "<group>";
		};
		E1D3A35C27873F9700B03B55 /* Home */ = {
			isa = PBXGroup;
			children = (
				E1C087BB2CD7B228000F384A /* Protocol */,
				E115B2792A34291B00D0C4D4 /* Dependency */,
				E149B5912A2C639A00A4DEE2 /* CollectionView */,
				E198F7D327A1885C00B70F24 /* HomeViewControllerFactory.swift */,
				E1E20ECD278B0F3300A8EDB6 /* HomeViewModel.swift */,
				E1D3A35E27873FB400B03B55 /* HomeViewController.swift */,
				E115B2742A34264600D0C4D4 /* HomeViewModelDependency.swift */,
			);
			path = Home;
			sourceTree = "<group>";
		};
		E1D6CEF828684F0300522E1B /* Factory */ = {
			isa = PBXGroup;
			children = (
				E1D83F3727BB88AA007077B2 /* GiveawayViewControllerFactory.swift */,
			);
			path = Factory;
			sourceTree = "<group>";
		};
		E1DA778D27B7A9C300BC60E6 /* Helper */ = {
			isa = PBXGroup;
			children = (
				E1CD438D27BA149F00DCD7BA /* DateHelper.swift */,
				E1CD439527BA28F200DCD7BA /* ImageCache.swift */,
				E1DA778E27B7A9D700BC60E6 /* ImageLoader.swift */,
				E1CD439127BA286000DCD7BA /* ImageCacheType.swift */,
				E1EB481C283109A700FECF42 /* UIHelper.swift */,
			);
			path = Helper;
			sourceTree = "<group>";
		};
		E1DD13A52820FBED003F53A1 /* Cells */ = {
			isa = PBXGroup;
			children = (
				E1D83F3927BB9DEC007077B2 /* GiveawayTableViewCell.swift */,
				E1EB481A2830FB2700FECF42 /* ChoiceTableViewCell.swift */,
			);
			path = Cells;
			sourceTree = "<group>";
		};
		E1E20EC5278ADD8600A8EDB6 /* Common */ = {
			isa = PBXGroup;
			children = (
				E1DA778D27B7A9C300BC60E6 /* Helper */,
				E1ED898627B8E6700078A47C /* Components */,
				E1E20ECF278B150100A8EDB6 /* Protocols */,
				E1E20EC6278ADD9100A8EDB6 /* Extensions */,
			);
			path = Common;
			sourceTree = "<group>";
		};
		E1E20EC6278ADD9100A8EDB6 /* Extensions */ = {
			isa = PBXGroup;
			children = (
				E1E20EC7278ADDA100A8EDB6 /* UIColor+Ext.swift */,
				E1CD439727BA2B9C00DCD7BA /* UIImage+Ext.swift */,
				E13E1BBB28266124004088A3 /* UIViewController+Ext.swift */,
				E1E09C8B282F9DC5006C3F94 /* UIView+Ext.swift */,
			);
			path = Extensions;
			sourceTree = "<group>";
		};
		E1E20ECF278B150100A8EDB6 /* Protocols */ = {
			isa = PBXGroup;
			children = (
				E1E9839127B51A7D0048ED94 /* SkeletonLoader.swift */,
				E198F7D627A189D900B70F24 /* ViewControllerFactoryProtocol.swift */,
			);
			path = Protocols;
			sourceTree = "<group>";
		};
		E1ED898627B8E6700078A47C /* Components */ = {
			isa = PBXGroup;
			children = (
				E1E9838F27B514570048ED94 /* SkeletonTableViewCell.swift */,
				E1DD13A628211030003F53A1 /* SkeletonView.swift */,
				E1ED898727B8E7070078A47C /* GiveawayImageView.swift */,
				E1ED898927B8FD200078A47C /* PlatformCollectionViewCell.swift */,
				E1F69D2727BE3C8F00C71781 /* PaddingLabel.swift */,
				E1F69D2927BE4C3B00C71781 /* WorthSectionView.swift */,
				E1EB182D281CE8020055EB39 /* ErrorView.swift */,
				E1F575B728229ADB003A1424 /* BoxView.swift */,
				E1B6E8AF2864C0B20009C35A /* PrimaryButton.swift */,
				E1F63F56287C5C7400D0DC2F /* ExpandableView.swift */,
			);
			path = Components;
			sourceTree = "<group>";
		};
		E1F5EC162789D0A700084BC5 /* Giveaway */ = {
			isa = PBXGroup;
			children = (
				E1F5EC182789D0D200084BC5 /* GiveawayViewController.swift */,
				E1D83F3527BB85EF007077B2 /* GiveawayViewModel.swift */,
				E115B2962A36057500D0C4D4 /* GiveawayViewModelDependency.swift */,
				E1D6CEF828684F0300522E1B /* Factory */,
				E1F5EC172789D0C400084BC5 /* Views */,
			);
			path = Giveaway;
			sourceTree = "<group>";
		};
		E1F5EC172789D0C400084BC5 /* Views */ = {
			isa = PBXGroup;
			children = (
				E1DD13A52820FBED003F53A1 /* Cells */,
				E1F575B528229732003A1424 /* HorizontalBoxView.swift */,
				E1E09C8D282FD2BA006C3F94 /* GiveawayFilterSheetView.swift */,
			);
			path = Views;
			sourceTree = "<group>";
		};
		E1F5EC1A2789D10200084BC5 /* Status */ = {
			isa = PBXGroup;
			children = (
				E1F5EC1B2789D10B00084BC5 /* View */,
			);
			path = Status;
			sourceTree = "<group>";
		};
		E1F5EC1B2789D10B00084BC5 /* View */ = {
			isa = PBXGroup;
			children = (
				E1F5EC1C2789D11600084BC5 /* StatusViewController.swift */,
			);
			path = View;
			sourceTree = "<group>";
		};
		E1F5EC1E2789D4F000084BC5 /* Models */ = {
			isa = PBXGroup;
			children = (
				E1F5EC1F2789D51500084BC5 /* Giveaway.swift */,
				E1F69D2B27BE4CD300C71781 /* Worth.swift */,
				E1EB481E283119CB00FECF42 /* Filter.swift */,
			);
			path = Models;
			sourceTree = "<group>";
		};
		E1F5EC212789D53B00084BC5 /* Detail */ = {
			isa = PBXGroup;
			children = (
				E1D6CEF628684A6D00522E1B /* DetailViewModel.swift */,
				E1F5EC232789D55300084BC5 /* DetailViewController.swift */,
			);
			path = Detail;
			sourceTree = "<group>";
		};
/* End PBXGroup section */

/* Begin PBXNativeTarget section */
		E1D3A319278732F800B03B55 /* Gameway */ = {
			isa = PBXNativeTarget;
			buildConfigurationList = E1D3A347278732FA00B03B55 /* Build configuration list for PBXNativeTarget "Gameway" */;
			buildPhases = (
				E1D3A316278732F800B03B55 /* Sources */,
				E1D3A317278732F800B03B55 /* Frameworks */,
				E1D3A318278732F800B03B55 /* Resources */,
			);
			buildRules = (
			);
			dependencies = (
			);
			name = Gameway;
			productName = Gameway;
			productReference = E1D3A31A278732F800B03B55 /* Gameway.app */;
			productType = "com.apple.product-type.application";
		};
		E1D3A332278732FA00B03B55 /* GamewayTests */ = {
			isa = PBXNativeTarget;
			buildConfigurationList = E1D3A34A278732FA00B03B55 /* Build configuration list for PBXNativeTarget "GamewayTests" */;
			buildPhases = (
				E1D3A32F278732FA00B03B55 /* Sources */,
				E1D3A330278732FA00B03B55 /* Frameworks */,
				E1D3A331278732FA00B03B55 /* Resources */,
			);
			buildRules = (
			);
			dependencies = (
				E1D3A335278732FA00B03B55 /* PBXTargetDependency */,
			);
			name = GamewayTests;
			productName = GamewayTests;
			productReference = E1D3A333278732FA00B03B55 /* GamewayTests.xctest */;
			productType = "com.apple.product-type.bundle.unit-test";
		};
		E1D3A33C278732FA00B03B55 /* GamewayUITests */ = {
			isa = PBXNativeTarget;
			buildConfigurationList = E1D3A34D278732FA00B03B55 /* Build configuration list for PBXNativeTarget "GamewayUITests" */;
			buildPhases = (
				E1D3A339278732FA00B03B55 /* Sources */,
				E1D3A33A278732FA00B03B55 /* Frameworks */,
				E1D3A33B278732FA00B03B55 /* Resources */,
			);
			buildRules = (
			);
			dependencies = (
				E1D3A33F278732FA00B03B55 /* PBXTargetDependency */,
			);
			name = GamewayUITests;
			productName = GamewayUITests;
			productReference = E1D3A33D278732FA00B03B55 /* GamewayUITests.xctest */;
			productType = "com.apple.product-type.bundle.ui-testing";
		};
/* End PBXNativeTarget section */

/* Begin PBXProject section */
		E1D3A312278732F800B03B55 /* Project object */ = {
			isa = PBXProject;
			attributes = {
				BuildIndependentTargetsInParallel = 1;
				LastSwiftUpdateCheck = 1320;
				LastUpgradeCheck = 1320;
				TargetAttributes = {
					E1D3A319278732F800B03B55 = {
						CreatedOnToolsVersion = 13.2.1;
					};
					E1D3A332278732FA00B03B55 = {
						CreatedOnToolsVersion = 13.2.1;
						TestTargetID = E1D3A319278732F800B03B55;
					};
					E1D3A33C278732FA00B03B55 = {
						CreatedOnToolsVersion = 13.2.1;
						TestTargetID = E1D3A319278732F800B03B55;
					};
				};
			};
			buildConfigurationList = E1D3A315278732F800B03B55 /* Build configuration list for PBXProject "Gameway" */;
			compatibilityVersion = "Xcode 13.0";
			developmentRegion = en;
			hasScannedForEncodings = 0;
			knownRegions = (
				en,
				Base,
			);
			mainGroup = E1D3A311278732F800B03B55;
			productRefGroup = E1D3A31B278732F800B03B55 /* Products */;
			projectDirPath = "";
			projectRoot = "";
			targets = (
				E1D3A319278732F800B03B55 /* Gameway */,
				E1D3A332278732FA00B03B55 /* GamewayTests */,
				E1D3A33C278732FA00B03B55 /* GamewayUITests */,
			);
		};
/* End PBXProject section */

/* Begin PBXResourcesBuildPhase section */
		E1D3A318278732F800B03B55 /* Resources */ = {
			isa = PBXResourcesBuildPhase;
			buildActionMask = 2147483647;
			files = (
				E1D3A32D278732FA00B03B55 /* LaunchScreen.storyboard in Resources */,
				E1D3A32A278732FA00B03B55 /* Assets.xcassets in Resources */,
			);
			runOnlyForDeploymentPostprocessing = 0;
		};
		E1D3A331278732FA00B03B55 /* Resources */ = {
			isa = PBXResourcesBuildPhase;
			buildActionMask = 2147483647;
			files = (
			);
			runOnlyForDeploymentPostprocessing = 0;
		};
		E1D3A33B278732FA00B03B55 /* Resources */ = {
			isa = PBXResourcesBuildPhase;
			buildActionMask = 2147483647;
			files = (
			);
			runOnlyForDeploymentPostprocessing = 0;
		};
/* End PBXResourcesBuildPhase section */

/* Begin PBXSourcesBuildPhase section */
		E1D3A316278732F800B03B55 /* Sources */ = {
			isa = PBXSourcesBuildPhase;
			buildActionMask = 2147483647;
			files = (
				E1EB481F283119CB00FECF42 /* Filter.swift in Sources */,
				E1E20ECB278B0F1900A8EDB6 /* RemoteDataSource.swift in Sources */,
				E1F5EC242789D55300084BC5 /* DetailViewController.swift in Sources */,
				E13E1BBC28266124004088A3 /* UIViewController+Ext.swift in Sources */,
				E1C087C82CD7B641000F384A /* HomeFilterSoonExpiredService.swift in Sources */,
				E115B2942A34A21800D0C4D4 /* LoadingLayoutItemModel.swift in Sources */,
				E1E09C8E282FD2BA006C3F94 /* GiveawayFilterSheetView.swift in Sources */,
				E1E20ECE278B0F3300A8EDB6 /* HomeViewModel.swift in Sources */,
				E149B5942A2C659900A4DEE2 /* HomeLayoutItemModel.swift in Sources */,
				E1EB481D283109A700FECF42 /* UIHelper.swift in Sources */,
				E115B2752A34264600D0C4D4 /* HomeViewModelDependency.swift in Sources */,
				E115B28D2A34A07000D0C4D4 /* CarouselLayoutSectionModel.swift in Sources */,
				E1F575B828229ADB003A1424 /* BoxView.swift in Sources */,
				E1DD13A728211030003F53A1 /* SkeletonView.swift in Sources */,
				E115B2922A34A21000D0C4D4 /* LoadingLayoutSectionModel.swift in Sources */,
				E198F7C827A1819300B70F24 /* RemoteDataSourceRepository.swift in Sources */,
				E1F63F57287C5C7400D0DC2F /* ExpandableView.swift in Sources */,
				E1C087CA2CD7B665000F384A /* HomeFilterRecentGiveawayService.swift in Sources */,
				E1158D002CDE84630027B66B /* BorderBoxLayoutItemModel.swift in Sources */,
				E1D83F3A27BB9DEC007077B2 /* GiveawayTableViewCell.swift in Sources */,
				E115B28F2A34A07C00D0C4D4 /* CarouselLayoutItemModel.swift in Sources */,
				E1F5EC1D2789D11600084BC5 /* StatusViewController.swift in Sources */,
				E1CD439227BA286000DCD7BA /* ImageCacheType.swift in Sources */,
				E1CD439827BA2B9C00DCD7BA /* UIImage+Ext.swift in Sources */,
				E198F7D427A1885C00B70F24 /* HomeViewControllerFactory.swift in Sources */,
				E1F69D2C27BE4CD300C71781 /* Worth.swift in Sources */,
				E1F69D2A27BE4C3B00C71781 /* WorthSectionView.swift in Sources */,
				E1129EB527AE6B4800CBEE7F /* DefaultSectionHeaderView.swift in Sources */,
				E1D3A31E278732F800B03B55 /* AppDelegate.swift in Sources */,
				E1C087CC2CD7B67A000F384A /* HomeFilterValuableGiveawayService.swift in Sources */,
				E1EB481B2830FB2700FECF42 /* ChoiceTableViewCell.swift in Sources */,
				E115B2972A36057500D0C4D4 /* GiveawayViewModelDependency.swift in Sources */,
				E1C087BD2CD7B233000F384A /* HomeViewModelProtocol.swift in Sources */,
				E1F5EC192789D0D200084BC5 /* GiveawayViewController.swift in Sources */,
				E1D83F3627BB85EF007077B2 /* GiveawayViewModel.swift in Sources */,
				E1C087C62CD7B62D000F384A /* HomeGiveawayFilterServiceProtocol.swift in Sources */,
				E1DA778F27B7A9D700BC60E6 /* ImageLoader.swift in Sources */,
				E1E20EC8278ADDA100A8EDB6 /* UIColor+Ext.swift in Sources */,
				E149B5972A2C672500A4DEE2 /* LoadingCardCollectionViewCell.swift in Sources */,
				E198F7CE27A1843600B70F24 /* RemoteDataSourceProtocol.swift in Sources */,
				E1D3A320278732F800B03B55 /* SceneDelegate.swift in Sources */,
				E1158D042CDE84810027B66B /* BorderBoxLayoutSectionInterfaceConfig.swift in Sources */,
				E1158D022CDE84700027B66B /* BorderBoxLayoutSectionModel.swift in Sources */,
				E1C087BF2CD7B25E000F384A /* HomeViewModelDelegate.swift in Sources */,
				E1F575B628229732003A1424 /* HorizontalBoxView.swift in Sources */,
				E1E9839027B514570048ED94 /* SkeletonTableViewCell.swift in Sources */,
				E1D6CEF728684A6D00522E1B /* DetailViewModel.swift in Sources */,
				E115B2892A34665100D0C4D4 /* LoadingLayoutSectionInterfaceConfig.swift in Sources */,
				E1B6E8B02864C0B20009C35A /* PrimaryButton.swift in Sources */,
				E1D83F3827BB88AA007077B2 /* GiveawayViewControllerFactory.swift in Sources */,
				E1CD438E27BA149F00DCD7BA /* DateHelper.swift in Sources */,
				E1B940C3278DCAC100D5A5C3 /* CarouselCardCollectionViewCell.swift in Sources */,
				E1F69D2827BE3C8F00C71781 /* PaddingLabel.swift in Sources */,
				E198F7D127A1872300B70F24 /* RemoteDataSourceRepositoryProtocol.swift in Sources */,
				E115B2842A3457CD00D0C4D4 /* CarouselLayoutSectionInterfaceConfig.swift in Sources */,
				E1E20EC4278ADB3A00A8EDB6 /* HomeLayoutSectionModel.swift in Sources */,
				E115B2782A34283500D0C4D4 /* HomeGiveawayFilterProvider.swift in Sources */,
				E198F7D727A189D900B70F24 /* ViewControllerFactoryProtocol.swift in Sources */,
				E1158D062CDE848F0027B66B /* BorderBoxCollectionViewCell.swift in Sources */,
				E1D3A35727873DDF00B03B55 /* TabBarViewController.swift in Sources */,
				E1CD439627BA28F200DCD7BA /* ImageCache.swift in Sources */,
				E115B27E2A34546300D0C4D4 /* HomeLayoutSectionProvider.swift in Sources */,
				E1ED898827B8E7070078A47C /* GiveawayImageView.swift in Sources */,
				E1E09C8C282F9DC5006C3F94 /* UIView+Ext.swift in Sources */,
				E1E9839227B51A7D0048ED94 /* SkeletonLoader.swift in Sources */,
				E1D3A328278732F800B03B55 /* Gameway.xcdatamodeld in Sources */,
				E1F5EC202789D51500084BC5 /* Giveaway.swift in Sources */,
				E1ED898A27B8FD200078A47C /* PlatformCollectionViewCell.swift in Sources */,
				E115B2872A345D4100D0C4D4 /* LayoutSectionInterfaceConfigProtocol.swift in Sources */,
				E1EB182E281CE8020055EB39 /* ErrorView.swift in Sources */,
				E1D3A35F27873FB400B03B55 /* HomeViewController.swift in Sources */,
			);
			runOnlyForDeploymentPostprocessing = 0;
		};
		E1D3A32F278732FA00B03B55 /* Sources */ = {
			isa = PBXSourcesBuildPhase;
			buildActionMask = 2147483647;
			files = (
				E1D3A338278732FA00B03B55 /* GamewayTests.swift in Sources */,
			);
			runOnlyForDeploymentPostprocessing = 0;
		};
		E1D3A339278732FA00B03B55 /* Sources */ = {
			isa = PBXSourcesBuildPhase;
			buildActionMask = 2147483647;
			files = (
				E1D3A344278732FA00B03B55 /* GamewayUITestsLaunchTests.swift in Sources */,
				E1D3A342278732FA00B03B55 /* GamewayUITests.swift in Sources */,
			);
			runOnlyForDeploymentPostprocessing = 0;
		};
/* End PBXSourcesBuildPhase section */

/* Begin PBXTargetDependency section */
		E1D3A335278732FA00B03B55 /* PBXTargetDependency */ = {
			isa = PBXTargetDependency;
			target = E1D3A319278732F800B03B55 /* Gameway */;
			targetProxy = E1D3A334278732FA00B03B55 /* PBXContainerItemProxy */;
		};
		E1D3A33F278732FA00B03B55 /* PBXTargetDependency */ = {
			isa = PBXTargetDependency;
			target = E1D3A319278732F800B03B55 /* Gameway */;
			targetProxy = E1D3A33E278732FA00B03B55 /* PBXContainerItemProxy */;
		};
/* End PBXTargetDependency section */

/* Begin PBXVariantGroup section */
		E1D3A32B278732FA00B03B55 /* LaunchScreen.storyboard */ = {
			isa = PBXVariantGroup;
			children = (
				E1D3A32C278732FA00B03B55 /* Base */,
			);
			name = LaunchScreen.storyboard;
			sourceTree = "<group>";
		};
/* End PBXVariantGroup section */

/* Begin XCBuildConfiguration section */
		E1D3A345278732FA00B03B55 /* Debug */ = {
			isa = XCBuildConfiguration;
			buildSettings = {
				ALWAYS_SEARCH_USER_PATHS = NO;
				CLANG_ANALYZER_NONNULL = YES;
				CLANG_ANALYZER_NUMBER_OBJECT_CONVERSION = YES_AGGRESSIVE;
				CLANG_CXX_LANGUAGE_STANDARD = "gnu++17";
				CLANG_CXX_LIBRARY = "libc++";
				CLANG_ENABLE_MODULES = YES;
				CLANG_ENABLE_OBJC_ARC = YES;
				CLANG_ENABLE_OBJC_WEAK = YES;
				CLANG_WARN_BLOCK_CAPTURE_AUTORELEASING = YES;
				CLANG_WARN_BOOL_CONVERSION = YES;
				CLANG_WARN_COMMA = YES;
				CLANG_WARN_CONSTANT_CONVERSION = YES;
				CLANG_WARN_DEPRECATED_OBJC_IMPLEMENTATIONS = YES;
				CLANG_WARN_DIRECT_OBJC_ISA_USAGE = YES_ERROR;
				CLANG_WARN_DOCUMENTATION_COMMENTS = YES;
				CLANG_WARN_EMPTY_BODY = YES;
				CLANG_WARN_ENUM_CONVERSION = YES;
				CLANG_WARN_INFINITE_RECURSION = YES;
				CLANG_WARN_INT_CONVERSION = YES;
				CLANG_WARN_NON_LITERAL_NULL_CONVERSION = YES;
				CLANG_WARN_OBJC_IMPLICIT_RETAIN_SELF = YES;
				CLANG_WARN_OBJC_LITERAL_CONVERSION = YES;
				CLANG_WARN_OBJC_ROOT_CLASS = YES_ERROR;
				CLANG_WARN_QUOTED_INCLUDE_IN_FRAMEWORK_HEADER = YES;
				CLANG_WARN_RANGE_LOOP_ANALYSIS = YES;
				CLANG_WARN_STRICT_PROTOTYPES = YES;
				CLANG_WARN_SUSPICIOUS_MOVE = YES;
				CLANG_WARN_UNGUARDED_AVAILABILITY = YES_AGGRESSIVE;
				CLANG_WARN_UNREACHABLE_CODE = YES;
				CLANG_WARN__DUPLICATE_METHOD_MATCH = YES;
				COPY_PHASE_STRIP = NO;
				DEBUG_INFORMATION_FORMAT = dwarf;
				ENABLE_STRICT_OBJC_MSGSEND = YES;
				ENABLE_TESTABILITY = YES;
				GCC_C_LANGUAGE_STANDARD = gnu11;
				GCC_DYNAMIC_NO_PIC = NO;
				GCC_NO_COMMON_BLOCKS = YES;
				GCC_OPTIMIZATION_LEVEL = 0;
				GCC_PREPROCESSOR_DEFINITIONS = (
					"DEBUG=1",
					"$(inherited)",
				);
				GCC_WARN_64_TO_32_BIT_CONVERSION = YES;
				GCC_WARN_ABOUT_RETURN_TYPE = YES_ERROR;
				GCC_WARN_UNDECLARED_SELECTOR = YES;
				GCC_WARN_UNINITIALIZED_AUTOS = YES_AGGRESSIVE;
				GCC_WARN_UNUSED_FUNCTION = YES;
				GCC_WARN_UNUSED_VARIABLE = YES;
				IPHONEOS_DEPLOYMENT_TARGET = 14.0;
				MTL_ENABLE_DEBUG_INFO = INCLUDE_SOURCE;
				MTL_FAST_MATH = YES;
				ONLY_ACTIVE_ARCH = YES;
				SDKROOT = iphoneos;
				SWIFT_ACTIVE_COMPILATION_CONDITIONS = DEBUG;
				SWIFT_OPTIMIZATION_LEVEL = "-Onone";
			};
			name = Debug;
		};
		E1D3A346278732FA00B03B55 /* Release */ = {
			isa = XCBuildConfiguration;
			buildSettings = {
				ALWAYS_SEARCH_USER_PATHS = NO;
				CLANG_ANALYZER_NONNULL = YES;
				CLANG_ANALYZER_NUMBER_OBJECT_CONVERSION = YES_AGGRESSIVE;
				CLANG_CXX_LANGUAGE_STANDARD = "gnu++17";
				CLANG_CXX_LIBRARY = "libc++";
				CLANG_ENABLE_MODULES = YES;
				CLANG_ENABLE_OBJC_ARC = YES;
				CLANG_ENABLE_OBJC_WEAK = YES;
				CLANG_WARN_BLOCK_CAPTURE_AUTORELEASING = YES;
				CLANG_WARN_BOOL_CONVERSION = YES;
				CLANG_WARN_COMMA = YES;
				CLANG_WARN_CONSTANT_CONVERSION = YES;
				CLANG_WARN_DEPRECATED_OBJC_IMPLEMENTATIONS = YES;
				CLANG_WARN_DIRECT_OBJC_ISA_USAGE = YES_ERROR;
				CLANG_WARN_DOCUMENTATION_COMMENTS = YES;
				CLANG_WARN_EMPTY_BODY = YES;
				CLANG_WARN_ENUM_CONVERSION = YES;
				CLANG_WARN_INFINITE_RECURSION = YES;
				CLANG_WARN_INT_CONVERSION = YES;
				CLANG_WARN_NON_LITERAL_NULL_CONVERSION = YES;
				CLANG_WARN_OBJC_IMPLICIT_RETAIN_SELF = YES;
				CLANG_WARN_OBJC_LITERAL_CONVERSION = YES;
				CLANG_WARN_OBJC_ROOT_CLASS = YES_ERROR;
				CLANG_WARN_QUOTED_INCLUDE_IN_FRAMEWORK_HEADER = YES;
				CLANG_WARN_RANGE_LOOP_ANALYSIS = YES;
				CLANG_WARN_STRICT_PROTOTYPES = YES;
				CLANG_WARN_SUSPICIOUS_MOVE = YES;
				CLANG_WARN_UNGUARDED_AVAILABILITY = YES_AGGRESSIVE;
				CLANG_WARN_UNREACHABLE_CODE = YES;
				CLANG_WARN__DUPLICATE_METHOD_MATCH = YES;
				COPY_PHASE_STRIP = NO;
				DEBUG_INFORMATION_FORMAT = "dwarf-with-dsym";
				ENABLE_NS_ASSERTIONS = NO;
				ENABLE_STRICT_OBJC_MSGSEND = YES;
				GCC_C_LANGUAGE_STANDARD = gnu11;
				GCC_NO_COMMON_BLOCKS = YES;
				GCC_WARN_64_TO_32_BIT_CONVERSION = YES;
				GCC_WARN_ABOUT_RETURN_TYPE = YES_ERROR;
				GCC_WARN_UNDECLARED_SELECTOR = YES;
				GCC_WARN_UNINITIALIZED_AUTOS = YES_AGGRESSIVE;
				GCC_WARN_UNUSED_FUNCTION = YES;
				GCC_WARN_UNUSED_VARIABLE = YES;
				IPHONEOS_DEPLOYMENT_TARGET = 14.0;
				MTL_ENABLE_DEBUG_INFO = NO;
				MTL_FAST_MATH = YES;
				SDKROOT = iphoneos;
				SWIFT_COMPILATION_MODE = wholemodule;
				SWIFT_OPTIMIZATION_LEVEL = "-O";
				VALIDATE_PRODUCT = YES;
			};
			name = Release;
		};
		E1D3A348278732FA00B03B55 /* Debug */ = {
			isa = XCBuildConfiguration;
			buildSettings = {
				ASSETCATALOG_COMPILER_APPICON_NAME = AppIcon;
				ASSETCATALOG_COMPILER_GLOBAL_ACCENT_COLOR_NAME = AccentColor;
				CODE_SIGN_STYLE = Automatic;
				CURRENT_PROJECT_VERSION = 1;
				DEVELOPMENT_TEAM = A5LXCCW6FT;
				GENERATE_INFOPLIST_FILE = YES;
				INFOPLIST_FILE = Gameway/Info.plist;
				INFOPLIST_KEY_UIApplicationSupportsIndirectInputEvents = YES;
				INFOPLIST_KEY_UILaunchStoryboardName = LaunchScreen;
				INFOPLIST_KEY_UISupportedInterfaceOrientations = UIInterfaceOrientationPortrait;
				INFOPLIST_KEY_UISupportedInterfaceOrientations_iPad = "UIInterfaceOrientationPortrait UIInterfaceOrientationPortraitUpsideDown UIInterfaceOrientationLandscapeLeft UIInterfaceOrientationLandscapeRight";
				INFOPLIST_KEY_UISupportedInterfaceOrientations_iPhone = "UIInterfaceOrientationPortrait UIInterfaceOrientationLandscapeLeft UIInterfaceOrientationLandscapeRight";
				IPHONEOS_DEPLOYMENT_TARGET = 14.0;
				LD_RUNPATH_SEARCH_PATHS = (
					"$(inherited)",
					"@executable_path/Frameworks",
				);
				MARKETING_VERSION = 1.0;
				PRODUCT_BUNDLE_IDENTIFIER = com.luisgenesius.Gameway;
				PRODUCT_NAME = "$(TARGET_NAME)";
				SWIFT_EMIT_LOC_STRINGS = YES;
				SWIFT_VERSION = 5.0;
				TARGETED_DEVICE_FAMILY = 1;
			};
			name = Debug;
		};
		E1D3A349278732FA00B03B55 /* Release */ = {
			isa = XCBuildConfiguration;
			buildSettings = {
				ASSETCATALOG_COMPILER_APPICON_NAME = AppIcon;
				ASSETCATALOG_COMPILER_GLOBAL_ACCENT_COLOR_NAME = AccentColor;
				CODE_SIGN_STYLE = Automatic;
				CURRENT_PROJECT_VERSION = 1;
				DEVELOPMENT_TEAM = A5LXCCW6FT;
				GENERATE_INFOPLIST_FILE = YES;
				INFOPLIST_FILE = Gameway/Info.plist;
				INFOPLIST_KEY_UIApplicationSupportsIndirectInputEvents = YES;
				INFOPLIST_KEY_UILaunchStoryboardName = LaunchScreen;
				INFOPLIST_KEY_UISupportedInterfaceOrientations = UIInterfaceOrientationPortrait;
				INFOPLIST_KEY_UISupportedInterfaceOrientations_iPad = "UIInterfaceOrientationPortrait UIInterfaceOrientationPortraitUpsideDown UIInterfaceOrientationLandscapeLeft UIInterfaceOrientationLandscapeRight";
				INFOPLIST_KEY_UISupportedInterfaceOrientations_iPhone = "UIInterfaceOrientationPortrait UIInterfaceOrientationLandscapeLeft UIInterfaceOrientationLandscapeRight";
				IPHONEOS_DEPLOYMENT_TARGET = 14.0;
				LD_RUNPATH_SEARCH_PATHS = (
					"$(inherited)",
					"@executable_path/Frameworks",
				);
				MARKETING_VERSION = 1.0;
				PRODUCT_BUNDLE_IDENTIFIER = com.luisgenesius.Gameway;
				PRODUCT_NAME = "$(TARGET_NAME)";
				SWIFT_EMIT_LOC_STRINGS = YES;
				SWIFT_VERSION = 5.0;
				TARGETED_DEVICE_FAMILY = 1;
			};
			name = Release;
		};
		E1D3A34B278732FA00B03B55 /* Debug */ = {
			isa = XCBuildConfiguration;
			buildSettings = {
				ALWAYS_EMBED_SWIFT_STANDARD_LIBRARIES = YES;
				BUNDLE_LOADER = "$(TEST_HOST)";
				CODE_SIGN_STYLE = Automatic;
				CURRENT_PROJECT_VERSION = 1;
				DEVELOPMENT_TEAM = A5LXCCW6FT;
				GENERATE_INFOPLIST_FILE = YES;
				IPHONEOS_DEPLOYMENT_TARGET = 14.0;
				MARKETING_VERSION = 1.0;
				PRODUCT_BUNDLE_IDENTIFIER = com.luisgenesius.GamewayTests;
				PRODUCT_NAME = "$(TARGET_NAME)";
				SWIFT_EMIT_LOC_STRINGS = NO;
				SWIFT_VERSION = 5.0;
				TARGETED_DEVICE_FAMILY = "1,2";
				TEST_HOST = "$(BUILT_PRODUCTS_DIR)/Gameway.app/Gameway";
			};
			name = Debug;
		};
		E1D3A34C278732FA00B03B55 /* Release */ = {
			isa = XCBuildConfiguration;
			buildSettings = {
				ALWAYS_EMBED_SWIFT_STANDARD_LIBRARIES = YES;
				BUNDLE_LOADER = "$(TEST_HOST)";
				CODE_SIGN_STYLE = Automatic;
				CURRENT_PROJECT_VERSION = 1;
				DEVELOPMENT_TEAM = A5LXCCW6FT;
				GENERATE_INFOPLIST_FILE = YES;
				IPHONEOS_DEPLOYMENT_TARGET = 14.0;
				MARKETING_VERSION = 1.0;
				PRODUCT_BUNDLE_IDENTIFIER = com.luisgenesius.GamewayTests;
				PRODUCT_NAME = "$(TARGET_NAME)";
				SWIFT_EMIT_LOC_STRINGS = NO;
				SWIFT_VERSION = 5.0;
				TARGETED_DEVICE_FAMILY = "1,2";
				TEST_HOST = "$(BUILT_PRODUCTS_DIR)/Gameway.app/Gameway";
			};
			name = Release;
		};
		E1D3A34E278732FA00B03B55 /* Debug */ = {
			isa = XCBuildConfiguration;
			buildSettings = {
				ALWAYS_EMBED_SWIFT_STANDARD_LIBRARIES = YES;
				CODE_SIGN_STYLE = Automatic;
				CURRENT_PROJECT_VERSION = 1;
				DEVELOPMENT_TEAM = A5LXCCW6FT;
				GENERATE_INFOPLIST_FILE = YES;
				MARKETING_VERSION = 1.0;
				PRODUCT_BUNDLE_IDENTIFIER = com.luisgenesius.GamewayUITests;
				PRODUCT_NAME = "$(TARGET_NAME)";
				SWIFT_EMIT_LOC_STRINGS = NO;
				SWIFT_VERSION = 5.0;
				TARGETED_DEVICE_FAMILY = "1,2";
				TEST_TARGET_NAME = Gameway;
			};
			name = Debug;
		};
		E1D3A34F278732FA00B03B55 /* Release */ = {
			isa = XCBuildConfiguration;
			buildSettings = {
				ALWAYS_EMBED_SWIFT_STANDARD_LIBRARIES = YES;
				CODE_SIGN_STYLE = Automatic;
				CURRENT_PROJECT_VERSION = 1;
				DEVELOPMENT_TEAM = A5LXCCW6FT;
				GENERATE_INFOPLIST_FILE = YES;
				MARKETING_VERSION = 1.0;
				PRODUCT_BUNDLE_IDENTIFIER = com.luisgenesius.GamewayUITests;
				PRODUCT_NAME = "$(TARGET_NAME)";
				SWIFT_EMIT_LOC_STRINGS = NO;
				SWIFT_VERSION = 5.0;
				TARGETED_DEVICE_FAMILY = "1,2";
				TEST_TARGET_NAME = Gameway;
			};
			name = Release;
		};
/* End XCBuildConfiguration section */

/* Begin XCConfigurationList section */
		E1D3A315278732F800B03B55 /* Build configuration list for PBXProject "Gameway" */ = {
			isa = XCConfigurationList;
			buildConfigurations = (
				E1D3A345278732FA00B03B55 /* Debug */,
				E1D3A346278732FA00B03B55 /* Release */,
			);
			defaultConfigurationIsVisible = 0;
			defaultConfigurationName = Release;
		};
		E1D3A347278732FA00B03B55 /* Build configuration list for PBXNativeTarget "Gameway" */ = {
			isa = XCConfigurationList;
			buildConfigurations = (
				E1D3A348278732FA00B03B55 /* Debug */,
				E1D3A349278732FA00B03B55 /* Release */,
			);
			defaultConfigurationIsVisible = 0;
			defaultConfigurationName = Release;
		};
		E1D3A34A278732FA00B03B55 /* Build configuration list for PBXNativeTarget "GamewayTests" */ = {
			isa = XCConfigurationList;
			buildConfigurations = (
				E1D3A34B278732FA00B03B55 /* Debug */,
				E1D3A34C278732FA00B03B55 /* Release */,
			);
			defaultConfigurationIsVisible = 0;
			defaultConfigurationName = Release;
		};
		E1D3A34D278732FA00B03B55 /* Build configuration list for PBXNativeTarget "GamewayUITests" */ = {
			isa = XCConfigurationList;
			buildConfigurations = (
				E1D3A34E278732FA00B03B55 /* Debug */,
				E1D3A34F278732FA00B03B55 /* Release */,
			);
			defaultConfigurationIsVisible = 0;
			defaultConfigurationName = Release;
		};
/* End XCConfigurationList section */

/* Begin XCVersionGroup section */
		E1D3A326278732F800B03B55 /* Gameway.xcdatamodeld */ = {
			isa = XCVersionGroup;
			children = (
				E1D3A327278732F800B03B55 /* Gameway.xcdatamodel */,
			);
			currentVersion = E1D3A327278732F800B03B55 /* Gameway.xcdatamodel */;
			path = Gameway.xcdatamodeld;
			sourceTree = "<group>";
			versionGroupType = wrapper.xcdatamodel;
		};
/* End XCVersionGroup section */
	};
	rootObject = E1D3A312278732F800B03B55 /* Project object */;
}
