// !$*UTF8*$!
{
	archiveVersion = 1;
	classes = {
	};
	objectVersion = 55;
	objects = {

/* Begin PBXBuildFile section */
		E1D3A31E278732F800B03B55 /* AppDelegate.swift in Sources */ = {isa = PBXBuildFile; fileRef = E1D3A31D278732F800B03B55 /* AppDelegate.swift */; };
		E1D3A320278732F800B03B55 /* SceneDelegate.swift in Sources */ = {isa = PBXBuildFile; fileRef = E1D3A31F278732F800B03B55 /* SceneDelegate.swift */; };
		E1D3A328278732F800B03B55 /* Gameway.xcdatamodeld in Sources */ = {isa = PBXBuildFile; fileRef = E1D3A326278732F800B03B55 /* Gameway.xcdatamodeld */; };
		E1D3A32A278732FA00B03B55 /* Assets.xcassets in Resources */ = {isa = PBXBuildFile; fileRef = E1D3A329278732FA00B03B55 /* Assets.xcassets */; };
		E1D3A32D278732FA00B03B55 /* LaunchScreen.storyboard in Resources */ = {isa = PBXBuildFile; fileRef = E1D3A32B278732FA00B03B55 /* LaunchScreen.storyboard */; };
		E1D3A338278732FA00B03B55 /* GamewayTests.swift in Sources */ = {isa = PBXBuildFile; fileRef = E1D3A337278732FA00B03B55 /* GamewayTests.swift */; };
		E1D3A342278732FA00B03B55 /* GamewayUITests.swift in Sources */ = {isa = PBXBuildFile; fileRef = E1D3A341278732FA00B03B55 /* GamewayUITests.swift */; };
		E1D3A344278732FA00B03B55 /* GamewayUITestsLaunchTests.swift in Sources */ = {isa = PBXBuildFile; fileRef = E1D3A343278732FA00B03B55 /* GamewayUITestsLaunchTests.swift */; };
		E1D3A35727873DDF00B03B55 /* TabBarViewController.swift in Sources */ = {isa = PBXBuildFile; fileRef = E1D3A35627873DDF00B03B55 /* TabBarViewController.swift */; };
		E1D3A35F27873FB400B03B55 /* HomeViewController.swift in Sources */ = {isa = PBXBuildFile; fileRef = E1D3A35E27873FB400B03B55 /* HomeViewController.swift */; };
		E1F5EC192789D0D200084BC5 /* GiveawayViewController.swift in Sources */ = {isa = PBXBuildFile; fileRef = E1F5EC182789D0D200084BC5 /* GiveawayViewController.swift */; };
		E1F5EC1D2789D11600084BC5 /* StatusViewController.swift in Sources */ = {isa = PBXBuildFile; fileRef = E1F5EC1C2789D11600084BC5 /* StatusViewController.swift */; };
/* End PBXBuildFile section */

/* Begin PBXContainerItemProxy section */
		E1D3A334278732FA00B03B55 /* PBXContainerItemProxy */ = {
			isa = PBXContainerItemProxy;
			containerPortal = E1D3A312278732F800B03B55 /* Project object */;
			proxyType = 1;
			remoteGlobalIDString = E1D3A319278732F800B03B55;
			remoteInfo = Gameway;
		};
		E1D3A33E278732FA00B03B55 /* PBXContainerItemProxy */ = {
			isa = PBXContainerItemProxy;
			containerPortal = E1D3A312278732F800B03B55 /* Project object */;
			proxyType = 1;
			remoteGlobalIDString = E1D3A319278732F800B03B55;
			remoteInfo = Gameway;
		};
/* End PBXContainerItemProxy section */

/* Begin PBXFileReference section */
		E1D3A31A278732F800B03B55 /* Gameway.app */ = {isa = PBXFileReference; explicitFileType = wrapper.application; includeInIndex = 0; path = Gameway.app; sourceTree = BUILT_PRODUCTS_DIR; };
		E1D3A31D278732F800B03B55 /* AppDelegate.swift */ = {isa = PBXFileReference; lastKnownFileType = sourcecode.swift; path = AppDelegate.swift; sourceTree = "<group>"; };
		E1D3A31F278732F800B03B55 /* SceneDelegate.swift */ = {isa = PBXFileReference; lastKnownFileType = sourcecode.swift; path = SceneDelegate.swift; sourceTree = "<group>"; };
		E1D3A327278732F800B03B55 /* Gameway.xcdatamodel */ = {isa = PBXFileReference; lastKnownFileType = wrapper.xcdatamodel; path = Gameway.xcdatamodel; sourceTree = "<group>"; };
		E1D3A329278732FA00B03B55 /* Assets.xcassets */ = {isa = PBXFileReference; lastKnownFileType = folder.assetcatalog; path = Assets.xcassets; sourceTree = "<group>"; };
		E1D3A32C278732FA00B03B55 /* Base */ = {isa = PBXFileReference; lastKnownFileType = file.storyboard; name = Base; path = Base.lproj/LaunchScreen.storyboard; sourceTree = "<group>"; };
		E1D3A32E278732FA00B03B55 /* Info.plist */ = {isa = PBXFileReference; lastKnownFileType = text.plist.xml; path = Info.plist; sourceTree = "<group>"; };
		E1D3A333278732FA00B03B55 /* GamewayTests.xctest */ = {isa = PBXFileReference; explicitFileType = wrapper.cfbundle; includeInIndex = 0; path = GamewayTests.xctest; sourceTree = BUILT_PRODUCTS_DIR; };
		E1D3A337278732FA00B03B55 /* GamewayTests.swift */ = {isa = PBXFileReference; lastKnownFileType = sourcecode.swift; path = GamewayTests.swift; sourceTree = "<group>"; };
		E1D3A33D278732FA00B03B55 /* GamewayUITests.xctest */ = {isa = PBXFileReference; explicitFileType = wrapper.cfbundle; includeInIndex = 0; path = GamewayUITests.xctest; sourceTree = BUILT_PRODUCTS_DIR; };
		E1D3A341278732FA00B03B55 /* GamewayUITests.swift */ = {isa = PBXFileReference; lastKnownFileType = sourcecode.swift; path = GamewayUITests.swift; sourceTree = "<group>"; };
		E1D3A343278732FA00B03B55 /* GamewayUITestsLaunchTests.swift */ = {isa = PBXFileReference; lastKnownFileType = sourcecode.swift; path = GamewayUITestsLaunchTests.swift; sourceTree = "<group>"; };
		E1D3A35627873DDF00B03B55 /* TabBarViewController.swift */ = {isa = PBXFileReference; lastKnownFileType = sourcecode.swift; path = TabBarViewController.swift; sourceTree = "<group>"; };
		E1D3A35E27873FB400B03B55 /* HomeViewController.swift */ = {isa = PBXFileReference; lastKnownFileType = sourcecode.swift; path = HomeViewController.swift; sourceTree = "<group>"; };
		E1F5EC182789D0D200084BC5 /* GiveawayViewController.swift */ = {isa = PBXFileReference; lastKnownFileType = sourcecode.swift; path = GiveawayViewController.swift; sourceTree = "<group>"; };
		E1F5EC1C2789D11600084BC5 /* StatusViewController.swift */ = {isa = PBXFileReference; lastKnownFileType = sourcecode.swift; path = StatusViewController.swift; sourceTree = "<group>"; };
/* End PBXFileReference section */

/* Begin PBXFrameworksBuildPhase section */
		E1D3A317278732F800B03B55 /* Frameworks */ = {
			isa = PBXFrameworksBuildPhase;
			buildActionMask = 2147483647;
			files = (
			);
			runOnlyForDeploymentPostprocessing = 0;
		};
		E1D3A330278732FA00B03B55 /* Frameworks */ = {
			isa = PBXFrameworksBuildPhase;
			buildActionMask = 2147483647;
			files = (
			);
			runOnlyForDeploymentPostprocessing = 0;
		};
		E1D3A33A278732FA00B03B55 /* Frameworks */ = {
			isa = PBXFrameworksBuildPhase;
			buildActionMask = 2147483647;
			files = (
			);
			runOnlyForDeploymentPostprocessing = 0;
		};
/* End PBXFrameworksBuildPhase section */

/* Begin PBXGroup section */
		E1D3A311278732F800B03B55 = {
			isa = PBXGroup;
			children = (
				E1D3A31C278732F800B03B55 /* Gameway */,
				E1D3A336278732FA00B03B55 /* GamewayTests */,
				E1D3A340278732FA00B03B55 /* GamewayUITests */,
				E1D3A31B278732F800B03B55 /* Products */,
			);
			sourceTree = "<group>";
		};
		E1D3A31B278732F800B03B55 /* Products */ = {
			isa = PBXGroup;
			children = (
				E1D3A31A278732F800B03B55 /* Gameway.app */,
				E1D3A333278732FA00B03B55 /* GamewayTests.xctest */,
				E1D3A33D278732FA00B03B55 /* GamewayUITests.xctest */,
			);
			name = Products;
			sourceTree = "<group>";
		};
		E1D3A31C278732F800B03B55 /* Gameway */ = {
			isa = PBXGroup;
			children = (
				E1D3A35827873DF000B03B55 /* App */,
				E1D3A35C27873F9700B03B55 /* Home */,
				E1F5EC162789D0A700084BC5 /* Giveaway */,
				E1F5EC1A2789D10200084BC5 /* Status */,
				E1D3A35327873DA400B03B55 /* Navigation */,
				E1D3A35B27873E9100B03B55 /* Resources */,
				E1D3A32E278732FA00B03B55 /* Info.plist */,
			);
			path = Gameway;
			sourceTree = "<group>";
		};
		E1D3A336278732FA00B03B55 /* GamewayTests */ = {
			isa = PBXGroup;
			children = (
				E1D3A337278732FA00B03B55 /* GamewayTests.swift */,
			);
			path = GamewayTests;
			sourceTree = "<group>";
		};
		E1D3A340278732FA00B03B55 /* GamewayUITests */ = {
			isa = PBXGroup;
			children = (
				E1D3A341278732FA00B03B55 /* GamewayUITests.swift */,
				E1D3A343278732FA00B03B55 /* GamewayUITestsLaunchTests.swift */,
			);
			path = GamewayUITests;
			sourceTree = "<group>";
		};
		E1D3A35327873DA400B03B55 /* Navigation */ = {
			isa = PBXGroup;
			children = (
				E1D3A35427873DAB00B03B55 /* View */,
			);
			path = Navigation;
			sourceTree = "<group>";
		};
		E1D3A35427873DAB00B03B55 /* View */ = {
			isa = PBXGroup;
			children = (
				E1D3A35627873DDF00B03B55 /* TabBarViewController.swift */,
			);
			path = View;
			sourceTree = "<group>";
		};
		E1D3A35827873DF000B03B55 /* App */ = {
			isa = PBXGroup;
			children = (
				E1D3A31D278732F800B03B55 /* AppDelegate.swift */,
				E1D3A31F278732F800B03B55 /* SceneDelegate.swift */,
				E1D3A32B278732FA00B03B55 /* LaunchScreen.storyboard */,
				E1D3A326278732F800B03B55 /* Gameway.xcdatamodeld */,
			);
			path = App;
			sourceTree = "<group>";
		};
		E1D3A35B27873E9100B03B55 /* Resources */ = {
			isa = PBXGroup;
			children = (
				E1D3A329278732FA00B03B55 /* Assets.xcassets */,
			);
			path = Resources;
			sourceTree = "<group>";
		};
		E1D3A35C27873F9700B03B55 /* Home */ = {
			isa = PBXGroup;
			children = (
				E1D3A35D27873FA000B03B55 /* View */,
			);
			path = Home;
			sourceTree = "<group>";
		};
		E1D3A35D27873FA000B03B55 /* View */ = {
			isa = PBXGroup;
			children = (
				E1D3A35E27873FB400B03B55 /* HomeViewController.swift */,
			);
			path = View;
			sourceTree = "<group>";
		};
		E1F5EC162789D0A700084BC5 /* Giveaway */ = {
			isa = PBXGroup;
			children = (
				E1F5EC172789D0C400084BC5 /* View */,
			);
			path = Giveaway;
			sourceTree = "<group>";
		};
		E1F5EC172789D0C400084BC5 /* View */ = {
			isa = PBXGroup;
			children = (
				E1F5EC182789D0D200084BC5 /* GiveawayViewController.swift */,
			);
			path = View;
			sourceTree = "<group>";
		};
		E1F5EC1A2789D10200084BC5 /* Status */ = {
			isa = PBXGroup;
			children = (
				E1F5EC1B2789D10B00084BC5 /* View */,
			);
			path = Status;
			sourceTree = "<group>";
		};
		E1F5EC1B2789D10B00084BC5 /* View */ = {
			isa = PBXGroup;
			children = (
				E1F5EC1C2789D11600084BC5 /* StatusViewController.swift */,
			);
			path = View;
			sourceTree = "<group>";
		};
/* End PBXGroup section */

/* Begin PBXNativeTarget section */
		E1D3A319278732F800B03B55 /* Gameway */ = {
			isa = PBXNativeTarget;
			buildConfigurationList = E1D3A347278732FA00B03B55 /* Build configuration list for PBXNativeTarget "Gameway" */;
			buildPhases = (
				E1D3A316278732F800B03B55 /* Sources */,
				E1D3A317278732F800B03B55 /* Frameworks */,
				E1D3A318278732F800B03B55 /* Resources */,
			);
			buildRules = (
			);
			dependencies = (
			);
			name = Gameway;
			productName = Gameway;
			productReference = E1D3A31A278732F800B03B55 /* Gameway.app */;
			productType = "com.apple.product-type.application";
		};
		E1D3A332278732FA00B03B55 /* GamewayTests */ = {
			isa = PBXNativeTarget;
			buildConfigurationList = E1D3A34A278732FA00B03B55 /* Build configuration list for PBXNativeTarget "GamewayTests" */;
			buildPhases = (
				E1D3A32F278732FA00B03B55 /* Sources */,
				E1D3A330278732FA00B03B55 /* Frameworks */,
				E1D3A331278732FA00B03B55 /* Resources */,
			);
			buildRules = (
			);
			dependencies = (
				E1D3A335278732FA00B03B55 /* PBXTargetDependency */,
			);
			name = GamewayTests;
			productName = GamewayTests;
			productReference = E1D3A333278732FA00B03B55 /* GamewayTests.xctest */;
			productType = "com.apple.product-type.bundle.unit-test";
		};
		E1D3A33C278732FA00B03B55 /* GamewayUITests */ = {
			isa = PBXNativeTarget;
			buildConfigurationList = E1D3A34D278732FA00B03B55 /* Build configuration list for PBXNativeTarget "GamewayUITests" */;
			buildPhases = (
				E1D3A339278732FA00B03B55 /* Sources */,
				E1D3A33A278732FA00B03B55 /* Frameworks */,
				E1D3A33B278732FA00B03B55 /* Resources */,
			);
			buildRules = (
			);
			dependencies = (
				E1D3A33F278732FA00B03B55 /* PBXTargetDependency */,
			);
			name = GamewayUITests;
			productName = GamewayUITests;
			productReference = E1D3A33D278732FA00B03B55 /* GamewayUITests.xctest */;
			productType = "com.apple.product-type.bundle.ui-testing";
		};
/* End PBXNativeTarget section */

/* Begin PBXProject section */
		E1D3A312278732F800B03B55 /* Project object */ = {
			isa = PBXProject;
			attributes = {
				BuildIndependentTargetsInParallel = 1;
				LastSwiftUpdateCheck = 1320;
				LastUpgradeCheck = 1320;
				TargetAttributes = {
					E1D3A319278732F800B03B55 = {
						CreatedOnToolsVersion = 13.2.1;
					};
					E1D3A332278732FA00B03B55 = {
						CreatedOnToolsVersion = 13.2.1;
						TestTargetID = E1D3A319278732F800B03B55;
					};
					E1D3A33C278732FA00B03B55 = {
						CreatedOnToolsVersion = 13.2.1;
						TestTargetID = E1D3A319278732F800B03B55;
					};
				};
			};
			buildConfigurationList = E1D3A315278732F800B03B55 /* Build configuration list for PBXProject "Gameway" */;
			compatibilityVersion = "Xcode 13.0";
			developmentRegion = en;
			hasScannedForEncodings = 0;
			knownRegions = (
				en,
				Base,
			);
			mainGroup = E1D3A311278732F800B03B55;
			productRefGroup = E1D3A31B278732F800B03B55 /* Products */;
			projectDirPath = "";
			projectRoot = "";
			targets = (
				E1D3A319278732F800B03B55 /* Gameway */,
				E1D3A332278732FA00B03B55 /* GamewayTests */,
				E1D3A33C278732FA00B03B55 /* GamewayUITests */,
			);
		};
/* End PBXProject section */

/* Begin PBXResourcesBuildPhase section */
		E1D3A318278732F800B03B55 /* Resources */ = {
			isa = PBXResourcesBuildPhase;
			buildActionMask = 2147483647;
			files = (
				E1D3A32D278732FA00B03B55 /* LaunchScreen.storyboard in Resources */,
				E1D3A32A278732FA00B03B55 /* Assets.xcassets in Resources */,
			);
			runOnlyForDeploymentPostprocessing = 0;
		};
		E1D3A331278732FA00B03B55 /* Resources */ = {
			isa = PBXResourcesBuildPhase;
			buildActionMask = 2147483647;
			files = (
			);
			runOnlyForDeploymentPostprocessing = 0;
		};
		E1D3A33B278732FA00B03B55 /* Resources */ = {
			isa = PBXResourcesBuildPhase;
			buildActionMask = 2147483647;
			files = (
			);
			runOnlyForDeploymentPostprocessing = 0;
		};
/* End PBXResourcesBuildPhase section */

/* Begin PBXSourcesBuildPhase section */
		E1D3A316278732F800B03B55 /* Sources */ = {
			isa = PBXSourcesBuildPhase;
			buildActionMask = 2147483647;
			files = (
				E1F5EC1D2789D11600084BC5 /* StatusViewController.swift in Sources */,
				E1D3A31E278732F800B03B55 /* AppDelegate.swift in Sources */,
				E1F5EC192789D0D200084BC5 /* GiveawayViewController.swift in Sources */,
				E1D3A320278732F800B03B55 /* SceneDelegate.swift in Sources */,
				E1D3A35727873DDF00B03B55 /* TabBarViewController.swift in Sources */,
				E1D3A328278732F800B03B55 /* Gameway.xcdatamodeld in Sources */,
				E1D3A35F27873FB400B03B55 /* HomeViewController.swift in Sources */,
			);
			runOnlyForDeploymentPostprocessing = 0;
		};
		E1D3A32F278732FA00B03B55 /* Sources */ = {
			isa = PBXSourcesBuildPhase;
			buildActionMask = 2147483647;
			files = (
				E1D3A338278732FA00B03B55 /* GamewayTests.swift in Sources */,
			);
			runOnlyForDeploymentPostprocessing = 0;
		};
		E1D3A339278732FA00B03B55 /* Sources */ = {
			isa = PBXSourcesBuildPhase;
			buildActionMask = 2147483647;
			files = (
				E1D3A344278732FA00B03B55 /* GamewayUITestsLaunchTests.swift in Sources */,
				E1D3A342278732FA00B03B55 /* GamewayUITests.swift in Sources */,
			);
			runOnlyForDeploymentPostprocessing = 0;
		};
/* End PBXSourcesBuildPhase section */

/* Begin PBXTargetDependency section */
		E1D3A335278732FA00B03B55 /* PBXTargetDependency */ = {
			isa = PBXTargetDependency;
			target = E1D3A319278732F800B03B55 /* Gameway */;
			targetProxy = E1D3A334278732FA00B03B55 /* PBXContainerItemProxy */;
		};
		E1D3A33F278732FA00B03B55 /* PBXTargetDependency */ = {
			isa = PBXTargetDependency;
			target = E1D3A319278732F800B03B55 /* Gameway */;
			targetProxy = E1D3A33E278732FA00B03B55 /* PBXContainerItemProxy */;
		};
/* End PBXTargetDependency section */

/* Begin PBXVariantGroup section */
		E1D3A32B278732FA00B03B55 /* LaunchScreen.storyboard */ = {
			isa = PBXVariantGroup;
			children = (
				E1D3A32C278732FA00B03B55 /* Base */,
			);
			name = LaunchScreen.storyboard;
			sourceTree = "<group>";
		};
/* End PBXVariantGroup section */

/* Begin XCBuildConfiguration section */
		E1D3A345278732FA00B03B55 /* Debug */ = {
			isa = XCBuildConfiguration;
			buildSettings = {
				ALWAYS_SEARCH_USER_PATHS = NO;
				CLANG_ANALYZER_NONNULL = YES;
				CLANG_ANALYZER_NUMBER_OBJECT_CONVERSION = YES_AGGRESSIVE;
				CLANG_CXX_LANGUAGE_STANDARD = "gnu++17";
				CLANG_CXX_LIBRARY = "libc++";
				CLANG_ENABLE_MODULES = YES;
				CLANG_ENABLE_OBJC_ARC = YES;
				CLANG_ENABLE_OBJC_WEAK = YES;
				CLANG_WARN_BLOCK_CAPTURE_AUTORELEASING = YES;
				CLANG_WARN_BOOL_CONVERSION = YES;
				CLANG_WARN_COMMA = YES;
				CLANG_WARN_CONSTANT_CONVERSION = YES;
				CLANG_WARN_DEPRECATED_OBJC_IMPLEMENTATIONS = YES;
				CLANG_WARN_DIRECT_OBJC_ISA_USAGE = YES_ERROR;
				CLANG_WARN_DOCUMENTATION_COMMENTS = YES;
				CLANG_WARN_EMPTY_BODY = YES;
				CLANG_WARN_ENUM_CONVERSION = YES;
				CLANG_WARN_INFINITE_RECURSION = YES;
				CLANG_WARN_INT_CONVERSION = YES;
				CLANG_WARN_NON_LITERAL_NULL_CONVERSION = YES;
				CLANG_WARN_OBJC_IMPLICIT_RETAIN_SELF = YES;
				CLANG_WARN_OBJC_LITERAL_CONVERSION = YES;
				CLANG_WARN_OBJC_ROOT_CLASS = YES_ERROR;
				CLANG_WARN_QUOTED_INCLUDE_IN_FRAMEWORK_HEADER = YES;
				CLANG_WARN_RANGE_LOOP_ANALYSIS = YES;
				CLANG_WARN_STRICT_PROTOTYPES = YES;
				CLANG_WARN_SUSPICIOUS_MOVE = YES;
				CLANG_WARN_UNGUARDED_AVAILABILITY = YES_AGGRESSIVE;
				CLANG_WARN_UNREACHABLE_CODE = YES;
				CLANG_WARN__DUPLICATE_METHOD_MATCH = YES;
				COPY_PHASE_STRIP = NO;
				DEBUG_INFORMATION_FORMAT = dwarf;
				ENABLE_STRICT_OBJC_MSGSEND = YES;
				ENABLE_TESTABILITY = YES;
				GCC_C_LANGUAGE_STANDARD = gnu11;
				GCC_DYNAMIC_NO_PIC = NO;
				GCC_NO_COMMON_BLOCKS = YES;
				GCC_OPTIMIZATION_LEVEL = 0;
				GCC_PREPROCESSOR_DEFINITIONS = (
					"DEBUG=1",
					"$(inherited)",
				);
				GCC_WARN_64_TO_32_BIT_CONVERSION = YES;
				GCC_WARN_ABOUT_RETURN_TYPE = YES_ERROR;
				GCC_WARN_UNDECLARED_SELECTOR = YES;
				GCC_WARN_UNINITIALIZED_AUTOS = YES_AGGRESSIVE;
				GCC_WARN_UNUSED_FUNCTION = YES;
				GCC_WARN_UNUSED_VARIABLE = YES;
				IPHONEOS_DEPLOYMENT_TARGET = 14.0;
				MTL_ENABLE_DEBUG_INFO = INCLUDE_SOURCE;
				MTL_FAST_MATH = YES;
				ONLY_ACTIVE_ARCH = YES;
				SDKROOT = iphoneos;
				SWIFT_ACTIVE_COMPILATION_CONDITIONS = DEBUG;
				SWIFT_OPTIMIZATION_LEVEL = "-Onone";
			};
			name = Debug;
		};
		E1D3A346278732FA00B03B55 /* Release */ = {
			isa = XCBuildConfiguration;
			buildSettings = {
				ALWAYS_SEARCH_USER_PATHS = NO;
				CLANG_ANALYZER_NONNULL = YES;
				CLANG_ANALYZER_NUMBER_OBJECT_CONVERSION = YES_AGGRESSIVE;
				CLANG_CXX_LANGUAGE_STANDARD = "gnu++17";
				CLANG_CXX_LIBRARY = "libc++";
				CLANG_ENABLE_MODULES = YES;
				CLANG_ENABLE_OBJC_ARC = YES;
				CLANG_ENABLE_OBJC_WEAK = YES;
				CLANG_WARN_BLOCK_CAPTURE_AUTORELEASING = YES;
				CLANG_WARN_BOOL_CONVERSION = YES;
				CLANG_WARN_COMMA = YES;
				CLANG_WARN_CONSTANT_CONVERSION = YES;
				CLANG_WARN_DEPRECATED_OBJC_IMPLEMENTATIONS = YES;
				CLANG_WARN_DIRECT_OBJC_ISA_USAGE = YES_ERROR;
				CLANG_WARN_DOCUMENTATION_COMMENTS = YES;
				CLANG_WARN_EMPTY_BODY = YES;
				CLANG_WARN_ENUM_CONVERSION = YES;
				CLANG_WARN_INFINITE_RECURSION = YES;
				CLANG_WARN_INT_CONVERSION = YES;
				CLANG_WARN_NON_LITERAL_NULL_CONVERSION = YES;
				CLANG_WARN_OBJC_IMPLICIT_RETAIN_SELF = YES;
				CLANG_WARN_OBJC_LITERAL_CONVERSION = YES;
				CLANG_WARN_OBJC_ROOT_CLASS = YES_ERROR;
				CLANG_WARN_QUOTED_INCLUDE_IN_FRAMEWORK_HEADER = YES;
				CLANG_WARN_RANGE_LOOP_ANALYSIS = YES;
				CLANG_WARN_STRICT_PROTOTYPES = YES;
				CLANG_WARN_SUSPICIOUS_MOVE = YES;
				CLANG_WARN_UNGUARDED_AVAILABILITY = YES_AGGRESSIVE;
				CLANG_WARN_UNREACHABLE_CODE = YES;
				CLANG_WARN__DUPLICATE_METHOD_MATCH = YES;
				COPY_PHASE_STRIP = NO;
				DEBUG_INFORMATION_FORMAT = "dwarf-with-dsym";
				ENABLE_NS_ASSERTIONS = NO;
				ENABLE_STRICT_OBJC_MSGSEND = YES;
				GCC_C_LANGUAGE_STANDARD = gnu11;
				GCC_NO_COMMON_BLOCKS = YES;
				GCC_WARN_64_TO_32_BIT_CONVERSION = YES;
				GCC_WARN_ABOUT_RETURN_TYPE = YES_ERROR;
				GCC_WARN_UNDECLARED_SELECTOR = YES;
				GCC_WARN_UNINITIALIZED_AUTOS = YES_AGGRESSIVE;
				GCC_WARN_UNUSED_FUNCTION = YES;
				GCC_WARN_UNUSED_VARIABLE = YES;
				IPHONEOS_DEPLOYMENT_TARGET = 14.0;
				MTL_ENABLE_DEBUG_INFO = NO;
				MTL_FAST_MATH = YES;
				SDKROOT = iphoneos;
				SWIFT_COMPILATION_MODE = wholemodule;
				SWIFT_OPTIMIZATION_LEVEL = "-O";
				VALIDATE_PRODUCT = YES;
			};
			name = Release;
		};
		E1D3A348278732FA00B03B55 /* Debug */ = {
			isa = XCBuildConfiguration;
			buildSettings = {
				ASSETCATALOG_COMPILER_APPICON_NAME = AppIcon;
				ASSETCATALOG_COMPILER_GLOBAL_ACCENT_COLOR_NAME = AccentColor;
				CODE_SIGN_STYLE = Automatic;
				CURRENT_PROJECT_VERSION = 1;
				DEVELOPMENT_TEAM = A5LXCCW6FT;
				GENERATE_INFOPLIST_FILE = YES;
				INFOPLIST_FILE = Gameway/Info.plist;
				INFOPLIST_KEY_UIApplicationSupportsIndirectInputEvents = YES;
				INFOPLIST_KEY_UILaunchStoryboardName = LaunchScreen;
				INFOPLIST_KEY_UISupportedInterfaceOrientations = UIInterfaceOrientationPortrait;
				INFOPLIST_KEY_UISupportedInterfaceOrientations_iPad = "UIInterfaceOrientationPortrait UIInterfaceOrientationPortraitUpsideDown UIInterfaceOrientationLandscapeLeft UIInterfaceOrientationLandscapeRight";
				INFOPLIST_KEY_UISupportedInterfaceOrientations_iPhone = "UIInterfaceOrientationPortrait UIInterfaceOrientationLandscapeLeft UIInterfaceOrientationLandscapeRight";
				IPHONEOS_DEPLOYMENT_TARGET = 14.0;
				LD_RUNPATH_SEARCH_PATHS = (
					"$(inherited)",
					"@executable_path/Frameworks",
				);
				MARKETING_VERSION = 1.0;
				PRODUCT_BUNDLE_IDENTIFIER = com.luisgenesius.Gameway;
				PRODUCT_NAME = "$(TARGET_NAME)";
				SWIFT_EMIT_LOC_STRINGS = YES;
				SWIFT_VERSION = 5.0;
				TARGETED_DEVICE_FAMILY = 1;
			};
			name = Debug;
		};
		E1D3A349278732FA00B03B55 /* Release */ = {
			isa = XCBuildConfiguration;
			buildSettings = {
				ASSETCATALOG_COMPILER_APPICON_NAME = AppIcon;
				ASSETCATALOG_COMPILER_GLOBAL_ACCENT_COLOR_NAME = AccentColor;
				CODE_SIGN_STYLE = Automatic;
				CURRENT_PROJECT_VERSION = 1;
				DEVELOPMENT_TEAM = A5LXCCW6FT;
				GENERATE_INFOPLIST_FILE = YES;
				INFOPLIST_FILE = Gameway/Info.plist;
				INFOPLIST_KEY_UIApplicationSupportsIndirectInputEvents = YES;
				INFOPLIST_KEY_UILaunchStoryboardName = LaunchScreen;
				INFOPLIST_KEY_UISupportedInterfaceOrientations = UIInterfaceOrientationPortrait;
				INFOPLIST_KEY_UISupportedInterfaceOrientations_iPad = "UIInterfaceOrientationPortrait UIInterfaceOrientationPortraitUpsideDown UIInterfaceOrientationLandscapeLeft UIInterfaceOrientationLandscapeRight";
				INFOPLIST_KEY_UISupportedInterfaceOrientations_iPhone = "UIInterfaceOrientationPortrait UIInterfaceOrientationLandscapeLeft UIInterfaceOrientationLandscapeRight";
				IPHONEOS_DEPLOYMENT_TARGET = 14.0;
				LD_RUNPATH_SEARCH_PATHS = (
					"$(inherited)",
					"@executable_path/Frameworks",
				);
				MARKETING_VERSION = 1.0;
				PRODUCT_BUNDLE_IDENTIFIER = com.luisgenesius.Gameway;
				PRODUCT_NAME = "$(TARGET_NAME)";
				SWIFT_EMIT_LOC_STRINGS = YES;
				SWIFT_VERSION = 5.0;
				TARGETED_DEVICE_FAMILY = 1;
			};
			name = Release;
		};
		E1D3A34B278732FA00B03B55 /* Debug */ = {
			isa = XCBuildConfiguration;
			buildSettings = {
				ALWAYS_EMBED_SWIFT_STANDARD_LIBRARIES = YES;
				BUNDLE_LOADER = "$(TEST_HOST)";
				CODE_SIGN_STYLE = Automatic;
				CURRENT_PROJECT_VERSION = 1;
				DEVELOPMENT_TEAM = A5LXCCW6FT;
				GENERATE_INFOPLIST_FILE = YES;
				IPHONEOS_DEPLOYMENT_TARGET = 14.0;
				MARKETING_VERSION = 1.0;
				PRODUCT_BUNDLE_IDENTIFIER = com.luisgenesius.GamewayTests;
				PRODUCT_NAME = "$(TARGET_NAME)";
				SWIFT_EMIT_LOC_STRINGS = NO;
				SWIFT_VERSION = 5.0;
				TARGETED_DEVICE_FAMILY = "1,2";
				TEST_HOST = "$(BUILT_PRODUCTS_DIR)/Gameway.app/Gameway";
			};
			name = Debug;
		};
		E1D3A34C278732FA00B03B55 /* Release */ = {
			isa = XCBuildConfiguration;
			buildSettings = {
				ALWAYS_EMBED_SWIFT_STANDARD_LIBRARIES = YES;
				BUNDLE_LOADER = "$(TEST_HOST)";
				CODE_SIGN_STYLE = Automatic;
				CURRENT_PROJECT_VERSION = 1;
				DEVELOPMENT_TEAM = A5LXCCW6FT;
				GENERATE_INFOPLIST_FILE = YES;
				IPHONEOS_DEPLOYMENT_TARGET = 14.0;
				MARKETING_VERSION = 1.0;
				PRODUCT_BUNDLE_IDENTIFIER = com.luisgenesius.GamewayTests;
				PRODUCT_NAME = "$(TARGET_NAME)";
				SWIFT_EMIT_LOC_STRINGS = NO;
				SWIFT_VERSION = 5.0;
				TARGETED_DEVICE_FAMILY = "1,2";
				TEST_HOST = "$(BUILT_PRODUCTS_DIR)/Gameway.app/Gameway";
			};
			name = Release;
		};
		E1D3A34E278732FA00B03B55 /* Debug */ = {
			isa = XCBuildConfiguration;
			buildSettings = {
				ALWAYS_EMBED_SWIFT_STANDARD_LIBRARIES = YES;
				CODE_SIGN_STYLE = Automatic;
				CURRENT_PROJECT_VERSION = 1;
				DEVELOPMENT_TEAM = A5LXCCW6FT;
				GENERATE_INFOPLIST_FILE = YES;
				MARKETING_VERSION = 1.0;
				PRODUCT_BUNDLE_IDENTIFIER = com.luisgenesius.GamewayUITests;
				PRODUCT_NAME = "$(TARGET_NAME)";
				SWIFT_EMIT_LOC_STRINGS = NO;
				SWIFT_VERSION = 5.0;
				TARGETED_DEVICE_FAMILY = "1,2";
				TEST_TARGET_NAME = Gameway;
			};
			name = Debug;
		};
		E1D3A34F278732FA00B03B55 /* Release */ = {
			isa = XCBuildConfiguration;
			buildSettings = {
				ALWAYS_EMBED_SWIFT_STANDARD_LIBRARIES = YES;
				CODE_SIGN_STYLE = Automatic;
				CURRENT_PROJECT_VERSION = 1;
				DEVELOPMENT_TEAM = A5LXCCW6FT;
				GENERATE_INFOPLIST_FILE = YES;
				MARKETING_VERSION = 1.0;
				PRODUCT_BUNDLE_IDENTIFIER = com.luisgenesius.GamewayUITests;
				PRODUCT_NAME = "$(TARGET_NAME)";
				SWIFT_EMIT_LOC_STRINGS = NO;
				SWIFT_VERSION = 5.0;
				TARGETED_DEVICE_FAMILY = "1,2";
				TEST_TARGET_NAME = Gameway;
			};
			name = Release;
		};
/* End XCBuildConfiguration section */

/* Begin XCConfigurationList section */
		E1D3A315278732F800B03B55 /* Build configuration list for PBXProject "Gameway" */ = {
			isa = XCConfigurationList;
			buildConfigurations = (
				E1D3A345278732FA00B03B55 /* Debug */,
				E1D3A346278732FA00B03B55 /* Release */,
			);
			defaultConfigurationIsVisible = 0;
			defaultConfigurationName = Release;
		};
		E1D3A347278732FA00B03B55 /* Build configuration list for PBXNativeTarget "Gameway" */ = {
			isa = XCConfigurationList;
			buildConfigurations = (
				E1D3A348278732FA00B03B55 /* Debug */,
				E1D3A349278732FA00B03B55 /* Release */,
			);
			defaultConfigurationIsVisible = 0;
			defaultConfigurationName = Release;
		};
		E1D3A34A278732FA00B03B55 /* Build configuration list for PBXNativeTarget "GamewayTests" */ = {
			isa = XCConfigurationList;
			buildConfigurations = (
				E1D3A34B278732FA00B03B55 /* Debug */,
				E1D3A34C278732FA00B03B55 /* Release */,
			);
			defaultConfigurationIsVisible = 0;
			defaultConfigurationName = Release;
		};
		E1D3A34D278732FA00B03B55 /* Build configuration list for PBXNativeTarget "GamewayUITests" */ = {
			isa = XCConfigurationList;
			buildConfigurations = (
				E1D3A34E278732FA00B03B55 /* Debug */,
				E1D3A34F278732FA00B03B55 /* Release */,
			);
			defaultConfigurationIsVisible = 0;
			defaultConfigurationName = Release;
		};
/* End XCConfigurationList section */

/* Begin XCVersionGroup section */
		E1D3A326278732F800B03B55 /* Gameway.xcdatamodeld */ = {
			isa = XCVersionGroup;
			children = (
				E1D3A327278732F800B03B55 /* Gameway.xcdatamodel */,
			);
			currentVersion = E1D3A327278732F800B03B55 /* Gameway.xcdatamodel */;
			path = Gameway.xcdatamodeld;
			sourceTree = "<group>";
			versionGroupType = wrapper.xcdatamodel;
		};
/* End XCVersionGroup section */
	};
	rootObject = E1D3A312278732F800B03B55 /* Project object */;
}
